// !$*UTF8*$!
{
	archiveVersion = 1;
	classes = {
	};
	objectVersion = 56;
	objects = {

/* Begin PBXBuildFile section */
		881DD9932AA181EA006B3DBB /* Prompt-SemiBold.ttf in Resources */ = {isa = PBXBuildFile; fileRef = 881DD9912AA181EA006B3DBB /* Prompt-SemiBold.ttf */; };
		881DD9942AA181EA006B3DBB /* Prompt-SemiBoldItalic.ttf in Resources */ = {isa = PBXBuildFile; fileRef = 881DD9922AA181EA006B3DBB /* Prompt-SemiBoldItalic.ttf */; };
		881DD9962AA39E78006B3DBB /* TabBar.swift in Sources */ = {isa = PBXBuildFile; fileRef = 881DD9952AA39E78006B3DBB /* TabBar.swift */; };
		881DD9982AA3AD0C006B3DBB /* FocusModal.swift in Sources */ = {isa = PBXBuildFile; fileRef = 881DD9972AA3AD0C006B3DBB /* FocusModal.swift */; };
		881DD99A2AA3B123006B3DBB /* BlueArrow.swift in Sources */ = {isa = PBXBuildFile; fileRef = 881DD9992AA3B123006B3DBB /* BlueArrow.swift */; };
		8856AE4F2A9AAB3A008D5403 /* HaloApp.swift in Sources */ = {isa = PBXBuildFile; fileRef = 8856AE4E2A9AAB3A008D5403 /* HaloApp.swift */; };
		8856AE512A9AAB3A008D5403 /* MainView.swift in Sources */ = {isa = PBXBuildFile; fileRef = 8856AE502A9AAB3A008D5403 /* MainView.swift */; };
		8856AE532A9AAB3D008D5403 /* Assets.xcassets in Resources */ = {isa = PBXBuildFile; fileRef = 8856AE522A9AAB3D008D5403 /* Assets.xcassets */; };
		8856AE572A9AAB3D008D5403 /* Preview Assets.xcassets in Resources */ = {isa = PBXBuildFile; fileRef = 8856AE562A9AAB3D008D5403 /* Preview Assets.xcassets */; };
		886291C92A9ECD2F008E13F3 /* Prompt-Bold.ttf in Resources */ = {isa = PBXBuildFile; fileRef = 886291C82A9ECD2E008E13F3 /* Prompt-Bold.ttf */; };
		8880A9432AA16F19006AD7C8 /* UIDevice+Extensions.swift in Sources */ = {isa = PBXBuildFile; fileRef = 8880A9422AA16F19006AD7C8 /* UIDevice+Extensions.swift */; };
		888903E42A9EC89E00F4FADA /* Colors.xcassets in Resources */ = {isa = PBXBuildFile; fileRef = 888903E32A9EC89E00F4FADA /* Colors.xcassets */; };
		888903E62A9EC8AE00F4FADA /* Images.xcassets in Resources */ = {isa = PBXBuildFile; fileRef = 888903E52A9EC8AE00F4FADA /* Images.xcassets */; };
		88A5AC202A9FC152007263DA /* Colors+Generated.swift in Sources */ = {isa = PBXBuildFile; fileRef = 88A5AC1D2A9FC152007263DA /* Colors+Generated.swift */; };
		88A5AC212A9FC152007263DA /* Fonts+Generated.swift in Sources */ = {isa = PBXBuildFile; fileRef = 88A5AC1E2A9FC152007263DA /* Fonts+Generated.swift */; };
		88A5AC222A9FC152007263DA /* Images+Generated.swift in Sources */ = {isa = PBXBuildFile; fileRef = 88A5AC1F2A9FC152007263DA /* Images+Generated.swift */; };
		88A5AC272A9FDD5C007263DA /* Array+Extensions.swift in Sources */ = {isa = PBXBuildFile; fileRef = 88A5AC262A9FDD5C007263DA /* Array+Extensions.swift */; };
		88A5AC2A2A9FDDBC007263DA /* ShadowViewModifier.swift in Sources */ = {isa = PBXBuildFile; fileRef = 88A5AC292A9FDDBC007263DA /* ShadowViewModifier.swift */; };
		88A5AC302A9FE095007263DA /* AuthviewModel.swift in Sources */ = {isa = PBXBuildFile; fileRef = 88A5AC2F2A9FE095007263DA /* AuthviewModel.swift */; };
		88A5AC332A9FE0D5007263DA /* Auth.swift in Sources */ = {isa = PBXBuildFile; fileRef = 88A5AC322A9FE0D5007263DA /* Auth.swift */; };
		88A5AC382A9FE26B007263DA /* MainViewModel.swift in Sources */ = {isa = PBXBuildFile; fileRef = 88A5AC372A9FE26B007263DA /* MainViewModel.swift */; };
		88A5AC3A2A9FE54A007263DA /* HomeViewModel.swift in Sources */ = {isa = PBXBuildFile; fileRef = 88A5AC392A9FE54A007263DA /* HomeViewModel.swift */; };
		88A5AC3C2A9FE644007263DA /* HomeScreen.swift in Sources */ = {isa = PBXBuildFile; fileRef = 88A5AC3B2A9FE644007263DA /* HomeScreen.swift */; };
		88A5AC3E2A9FE8A8007263DA /* Constants.swift in Sources */ = {isa = PBXBuildFile; fileRef = 88A5AC3D2A9FE8A8007263DA /* Constants.swift */; };
		88A5AC412A9FEFC4007263DA /* Prompt-MediumItalic.ttf in Resources */ = {isa = PBXBuildFile; fileRef = 88A5AC3F2A9FEFC3007263DA /* Prompt-MediumItalic.ttf */; };
		88A5AC422A9FEFC4007263DA /* Prompt-Medium.ttf in Resources */ = {isa = PBXBuildFile; fileRef = 88A5AC402A9FEFC4007263DA /* Prompt-Medium.ttf */; };
		88A5AC472A9FEFDD007263DA /* Prompt-ExtraBold.ttf in Resources */ = {isa = PBXBuildFile; fileRef = 88A5AC452A9FEFDC007263DA /* Prompt-ExtraBold.ttf */; };
		88A5AC482A9FEFDD007263DA /* Prompt-ExtraBoldItalic.ttf in Resources */ = {isa = PBXBuildFile; fileRef = 88A5AC462A9FEFDD007263DA /* Prompt-ExtraBoldItalic.ttf */; };
		88A5AC4A2A9FEFE9007263DA /* Prompt-BoldItalic.ttf in Resources */ = {isa = PBXBuildFile; fileRef = 88A5AC492A9FEFE9007263DA /* Prompt-BoldItalic.ttf */; };
		88A5AC4C2A9FF010007263DA /* Prompt-Italic.ttf in Resources */ = {isa = PBXBuildFile; fileRef = 88A5AC4B2A9FF010007263DA /* Prompt-Italic.ttf */; };
		88A5AC4E2AA1311C007263DA /* BoxCard.swift in Sources */ = {isa = PBXBuildFile; fileRef = 88A5AC4D2AA1311C007263DA /* BoxCard.swift */; };
		88A5AC502AA13188007263DA /* OptionCard in Sources */ = {isa = PBXBuildFile; fileRef = 88A5AC4F2AA13188007263DA /* OptionCard */; };
/* End PBXBuildFile section */

/* Begin PBXFileReference section */
		881DD9912AA181EA006B3DBB /* Prompt-SemiBold.ttf */ = {isa = PBXFileReference; lastKnownFileType = file; path = "Prompt-SemiBold.ttf"; sourceTree = "<group>"; };
		881DD9922AA181EA006B3DBB /* Prompt-SemiBoldItalic.ttf */ = {isa = PBXFileReference; lastKnownFileType = file; path = "Prompt-SemiBoldItalic.ttf"; sourceTree = "<group>"; };
		881DD9952AA39E78006B3DBB /* TabBar.swift */ = {isa = PBXFileReference; lastKnownFileType = sourcecode.swift; path = TabBar.swift; sourceTree = "<group>"; };
		881DD9972AA3AD0C006B3DBB /* FocusModal.swift */ = {isa = PBXFileReference; lastKnownFileType = sourcecode.swift; path = FocusModal.swift; sourceTree = "<group>"; };
		881DD9992AA3B123006B3DBB /* BlueArrow.swift */ = {isa = PBXFileReference; lastKnownFileType = sourcecode.swift; path = BlueArrow.swift; sourceTree = "<group>"; };
		8856AE4B2A9AAB3A008D5403 /* Halo.app */ = {isa = PBXFileReference; explicitFileType = wrapper.application; includeInIndex = 0; path = Halo.app; sourceTree = BUILT_PRODUCTS_DIR; };
		8856AE4E2A9AAB3A008D5403 /* HaloApp.swift */ = {isa = PBXFileReference; lastKnownFileType = sourcecode.swift; path = HaloApp.swift; sourceTree = "<group>"; };
		8856AE502A9AAB3A008D5403 /* MainView.swift */ = {isa = PBXFileReference; lastKnownFileType = sourcecode.swift; path = MainView.swift; sourceTree = "<group>"; };
		8856AE522A9AAB3D008D5403 /* Assets.xcassets */ = {isa = PBXFileReference; lastKnownFileType = folder.assetcatalog; path = Assets.xcassets; sourceTree = "<group>"; };
		8856AE542A9AAB3D008D5403 /* Halo.entitlements */ = {isa = PBXFileReference; lastKnownFileType = text.plist.entitlements; path = Halo.entitlements; sourceTree = "<group>"; };
		8856AE562A9AAB3D008D5403 /* Preview Assets.xcassets */ = {isa = PBXFileReference; lastKnownFileType = folder.assetcatalog; path = "Preview Assets.xcassets"; sourceTree = "<group>"; };
		886291C72A9ECD0C008E13F3 /* Prompt-Regular.ttf */ = {isa = PBXFileReference; lastKnownFileType = file; path = "Prompt-Regular.ttf"; sourceTree = "<group>"; };
		886291C82A9ECD2E008E13F3 /* Prompt-Bold.ttf */ = {isa = PBXFileReference; lastKnownFileType = file; path = "Prompt-Bold.ttf"; sourceTree = "<group>"; };
		8880A9422AA16F19006AD7C8 /* UIDevice+Extensions.swift */ = {isa = PBXFileReference; lastKnownFileType = sourcecode.swift; path = "UIDevice+Extensions.swift"; sourceTree = "<group>"; };
		888903E32A9EC89E00F4FADA /* Colors.xcassets */ = {isa = PBXFileReference; lastKnownFileType = folder.assetcatalog; path = Colors.xcassets; sourceTree = "<group>"; };
		888903E52A9EC8AE00F4FADA /* Images.xcassets */ = {isa = PBXFileReference; lastKnownFileType = folder.assetcatalog; path = Images.xcassets; sourceTree = "<group>"; };
		88A5AC1D2A9FC152007263DA /* Colors+Generated.swift */ = {isa = PBXFileReference; fileEncoding = 4; lastKnownFileType = sourcecode.swift; path = "Colors+Generated.swift"; sourceTree = "<group>"; };
		88A5AC1E2A9FC152007263DA /* Fonts+Generated.swift */ = {isa = PBXFileReference; fileEncoding = 4; lastKnownFileType = sourcecode.swift; path = "Fonts+Generated.swift"; sourceTree = "<group>"; };
		88A5AC1F2A9FC152007263DA /* Images+Generated.swift */ = {isa = PBXFileReference; fileEncoding = 4; lastKnownFileType = sourcecode.swift; path = "Images+Generated.swift"; sourceTree = "<group>"; };
		88A5AC232A9FC641007263DA /* Info.plist */ = {isa = PBXFileReference; lastKnownFileType = text.plist; path = Info.plist; sourceTree = "<group>"; };
		88A5AC262A9FDD5C007263DA /* Array+Extensions.swift */ = {isa = PBXFileReference; lastKnownFileType = sourcecode.swift; path = "Array+Extensions.swift"; sourceTree = "<group>"; };
		88A5AC292A9FDDBC007263DA /* ShadowViewModifier.swift */ = {isa = PBXFileReference; lastKnownFileType = sourcecode.swift; path = ShadowViewModifier.swift; sourceTree = "<group>"; };
		88A5AC2F2A9FE095007263DA /* AuthviewModel.swift */ = {isa = PBXFileReference; lastKnownFileType = sourcecode.swift; path = AuthviewModel.swift; sourceTree = "<group>"; };
		88A5AC322A9FE0D5007263DA /* Auth.swift */ = {isa = PBXFileReference; lastKnownFileType = sourcecode.swift; path = Auth.swift; sourceTree = "<group>"; };
		88A5AC372A9FE26B007263DA /* MainViewModel.swift */ = {isa = PBXFileReference; lastKnownFileType = sourcecode.swift; path = MainViewModel.swift; sourceTree = "<group>"; };
		88A5AC392A9FE54A007263DA /* HomeViewModel.swift */ = {isa = PBXFileReference; lastKnownFileType = sourcecode.swift; path = HomeViewModel.swift; sourceTree = "<group>"; };
		88A5AC3B2A9FE644007263DA /* HomeScreen.swift */ = {isa = PBXFileReference; lastKnownFileType = sourcecode.swift; path = HomeScreen.swift; sourceTree = "<group>"; };
		88A5AC3D2A9FE8A8007263DA /* Constants.swift */ = {isa = PBXFileReference; lastKnownFileType = sourcecode.swift; path = Constants.swift; sourceTree = "<group>"; };
		88A5AC3F2A9FEFC3007263DA /* Prompt-MediumItalic.ttf */ = {isa = PBXFileReference; lastKnownFileType = file; path = "Prompt-MediumItalic.ttf"; sourceTree = "<group>"; };
		88A5AC402A9FEFC4007263DA /* Prompt-Medium.ttf */ = {isa = PBXFileReference; lastKnownFileType = file; path = "Prompt-Medium.ttf"; sourceTree = "<group>"; };
		88A5AC452A9FEFDC007263DA /* Prompt-ExtraBold.ttf */ = {isa = PBXFileReference; lastKnownFileType = file; path = "Prompt-ExtraBold.ttf"; sourceTree = "<group>"; };
		88A5AC462A9FEFDD007263DA /* Prompt-ExtraBoldItalic.ttf */ = {isa = PBXFileReference; lastKnownFileType = file; path = "Prompt-ExtraBoldItalic.ttf"; sourceTree = "<group>"; };
		88A5AC492A9FEFE9007263DA /* Prompt-BoldItalic.ttf */ = {isa = PBXFileReference; lastKnownFileType = file; path = "Prompt-BoldItalic.ttf"; sourceTree = "<group>"; };
		88A5AC4B2A9FF010007263DA /* Prompt-Italic.ttf */ = {isa = PBXFileReference; lastKnownFileType = file; path = "Prompt-Italic.ttf"; sourceTree = "<group>"; };
		88A5AC4D2AA1311C007263DA /* BoxCard.swift */ = {isa = PBXFileReference; lastKnownFileType = sourcecode.swift; path = BoxCard.swift; sourceTree = "<group>"; };
		88A5AC4F2AA13188007263DA /* OptionCard */ = {isa = PBXFileReference; lastKnownFileType = text; path = OptionCard; sourceTree = "<group>"; };
/* End PBXFileReference section */

/* Begin PBXFrameworksBuildPhase section */
		8856AE482A9AAB3A008D5403 /* Frameworks */ = {
			isa = PBXFrameworksBuildPhase;
			buildActionMask = 2147483647;
			files = (
			);
			runOnlyForDeploymentPostprocessing = 0;
		};
/* End PBXFrameworksBuildPhase section */

/* Begin PBXGroup section */
		8856AE422A9AAB3A008D5403 = {
			isa = PBXGroup;
			children = (
				8856AE4D2A9AAB3A008D5403 /* Halo */,
				8856AE4C2A9AAB3A008D5403 /* Products */,
			);
			sourceTree = "<group>";
		};
		8856AE4C2A9AAB3A008D5403 /* Products */ = {
			isa = PBXGroup;
			children = (
				8856AE4B2A9AAB3A008D5403 /* Halo.app */,
			);
			name = Products;
			sourceTree = "<group>";
		};
		8856AE4D2A9AAB3A008D5403 /* Halo */ = {
			isa = PBXGroup;
			children = (
				88A5AC2E2A9FE07A007263DA /* Models */,
				88A5AC2D2A9FE074007263DA /* ViewModels */,
				88A5AC2C2A9FE070007263DA /* Views */,
				88A5AC242A9FDD20007263DA /* Helpers */,
				88A5AC232A9FC641007263DA /* Info.plist */,
				888903E22A9EC76E00F4FADA /* Resources */,
				8856AE4E2A9AAB3A008D5403 /* HaloApp.swift */,
				8856AE502A9AAB3A008D5403 /* MainView.swift */,
				8856AE522A9AAB3D008D5403 /* Assets.xcassets */,
				8856AE542A9AAB3D008D5403 /* Halo.entitlements */,
				8856AE552A9AAB3D008D5403 /* Preview Content */,
			);
			path = Halo;
			sourceTree = "<group>";
		};
		8856AE552A9AAB3D008D5403 /* Preview Content */ = {
			isa = PBXGroup;
			children = (
				8856AE562A9AAB3D008D5403 /* Preview Assets.xcassets */,
			);
			path = "Preview Content";
			sourceTree = "<group>";
		};
		888903E22A9EC76E00F4FADA /* Resources */ = {
			isa = PBXGroup;
			children = (
				888903E82A9EC92700F4FADA /* Generated */,
				888903E72A9EC90000F4FADA /* Fonts */,
				888903E32A9EC89E00F4FADA /* Colors.xcassets */,
				888903E52A9EC8AE00F4FADA /* Images.xcassets */,
			);
			path = Resources;
			sourceTree = "<group>";
		};
		888903E72A9EC90000F4FADA /* Fonts */ = {
			isa = PBXGroup;
			children = (
				881DD9912AA181EA006B3DBB /* Prompt-SemiBold.ttf */,
				881DD9922AA181EA006B3DBB /* Prompt-SemiBoldItalic.ttf */,
				88A5AC452A9FEFDC007263DA /* Prompt-ExtraBold.ttf */,
				88A5AC462A9FEFDD007263DA /* Prompt-ExtraBoldItalic.ttf */,
				88A5AC4B2A9FF010007263DA /* Prompt-Italic.ttf */,
				88A5AC492A9FEFE9007263DA /* Prompt-BoldItalic.ttf */,
				88A5AC402A9FEFC4007263DA /* Prompt-Medium.ttf */,
				88A5AC3F2A9FEFC3007263DA /* Prompt-MediumItalic.ttf */,
				886291C82A9ECD2E008E13F3 /* Prompt-Bold.ttf */,
				886291C72A9ECD0C008E13F3 /* Prompt-Regular.ttf */,
			);
			path = Fonts;
			sourceTree = "<group>";
		};
		888903E82A9EC92700F4FADA /* Generated */ = {
			isa = PBXGroup;
			children = (
				88A5AC1D2A9FC152007263DA /* Colors+Generated.swift */,
				88A5AC1E2A9FC152007263DA /* Fonts+Generated.swift */,
				88A5AC1F2A9FC152007263DA /* Images+Generated.swift */,
			);
			path = Generated;
			sourceTree = "<group>";
		};
		88A5AC242A9FDD20007263DA /* Helpers */ = {
			isa = PBXGroup;
			children = (
				88A5AC282A9FDD88007263DA /* ViewModifiers */,
				88A5AC252A9FDD2B007263DA /* Extensions */,
				88A5AC3D2A9FE8A8007263DA /* Constants.swift */,
			);
			path = Helpers;
			sourceTree = "<group>";
		};
		88A5AC252A9FDD2B007263DA /* Extensions */ = {
			isa = PBXGroup;
			children = (
				88A5AC262A9FDD5C007263DA /* Array+Extensions.swift */,
				8880A9422AA16F19006AD7C8 /* UIDevice+Extensions.swift */,
			);
			path = Extensions;
			sourceTree = "<group>";
		};
		88A5AC282A9FDD88007263DA /* ViewModifiers */ = {
			isa = PBXGroup;
			children = (
				88A5AC292A9FDDBC007263DA /* ShadowViewModifier.swift */,
			);
			path = ViewModifiers;
			sourceTree = "<group>";
		};
		88A5AC2C2A9FE070007263DA /* Views */ = {
			isa = PBXGroup;
			children = (
				88A5AC352A9FE172007263DA /* SharedViews */,
				88A5AC342A9FE0D8007263DA /* Onboarding */,
				88A5AC322A9FE0D5007263DA /* Auth.swift */,
				88A5AC3B2A9FE644007263DA /* HomeScreen.swift */,
			);
			path = Views;
			sourceTree = "<group>";
		};
		88A5AC2D2A9FE074007263DA /* ViewModels */ = {
			isa = PBXGroup;
			children = (
				88A5AC2F2A9FE095007263DA /* AuthviewModel.swift */,
				88A5AC372A9FE26B007263DA /* MainViewModel.swift */,
				88A5AC392A9FE54A007263DA /* HomeViewModel.swift */,
			);
			path = ViewModels;
			sourceTree = "<group>";
		};
		88A5AC2E2A9FE07A007263DA /* Models */ = {
			isa = PBXGroup;
			children = (
			);
			path = Models;
			sourceTree = "<group>";
		};
		88A5AC342A9FE0D8007263DA /* Onboarding */ = {
			isa = PBXGroup;
			children = (
			);
			path = Onboarding;
			sourceTree = "<group>";
		};
		88A5AC352A9FE172007263DA /* SharedViews */ = {
			isa = PBXGroup;
			children = (
				88A5AC4D2AA1311C007263DA /* BoxCard.swift */,
				88A5AC4F2AA13188007263DA /* OptionCard */,
				881DD9952AA39E78006B3DBB /* TabBar.swift */,
				881DD9972AA3AD0C006B3DBB /* FocusModal.swift */,
				881DD9992AA3B123006B3DBB /* BlueArrow.swift */,
			);
			path = SharedViews;
			sourceTree = "<group>";
		};
/* End PBXGroup section */

/* Begin PBXNativeTarget section */
		8856AE4A2A9AAB3A008D5403 /* Halo */ = {
			isa = PBXNativeTarget;
			buildConfigurationList = 8856AE5A2A9AAB3D008D5403 /* Build configuration list for PBXNativeTarget "Halo" */;
			buildPhases = (
				8856AE472A9AAB3A008D5403 /* Sources */,
				8856AE482A9AAB3A008D5403 /* Frameworks */,
				8856AE492A9AAB3A008D5403 /* Resources */,
				888903E12A9EC5C600F4FADA /* SwiftGen */,
			);
			buildRules = (
			);
			dependencies = (
			);
			name = Halo;
			productName = Halo;
			productReference = 8856AE4B2A9AAB3A008D5403 /* Halo.app */;
			productType = "com.apple.product-type.application";
		};
/* End PBXNativeTarget section */

/* Begin PBXProject section */
		8856AE432A9AAB3A008D5403 /* Project object */ = {
			isa = PBXProject;
			attributes = {
				BuildIndependentTargetsInParallel = 1;
				LastSwiftUpdateCheck = 1410;
				LastUpgradeCheck = 1410;
				TargetAttributes = {
					8856AE4A2A9AAB3A008D5403 = {
						CreatedOnToolsVersion = 14.1;
					};
				};
			};
			buildConfigurationList = 8856AE462A9AAB3A008D5403 /* Build configuration list for PBXProject "Halo" */;
			compatibilityVersion = "Xcode 14.0";
			developmentRegion = en;
			hasScannedForEncodings = 0;
			knownRegions = (
				en,
				Base,
			);
			mainGroup = 8856AE422A9AAB3A008D5403;
			packageReferences = (
			);
			productRefGroup = 8856AE4C2A9AAB3A008D5403 /* Products */;
			projectDirPath = "";
			projectRoot = "";
			targets = (
				8856AE4A2A9AAB3A008D5403 /* Halo */,
			);
		};
/* End PBXProject section */

/* Begin PBXResourcesBuildPhase section */
		8856AE492A9AAB3A008D5403 /* Resources */ = {
			isa = PBXResourcesBuildPhase;
			buildActionMask = 2147483647;
			files = (
				881DD9942AA181EA006B3DBB /* Prompt-SemiBoldItalic.ttf in Resources */,
				888903E62A9EC8AE00F4FADA /* Images.xcassets in Resources */,
				88A5AC422A9FEFC4007263DA /* Prompt-Medium.ttf in Resources */,
				88A5AC482A9FEFDD007263DA /* Prompt-ExtraBoldItalic.ttf in Resources */,
				888903E42A9EC89E00F4FADA /* Colors.xcassets in Resources */,
				8856AE572A9AAB3D008D5403 /* Preview Assets.xcassets in Resources */,
				88A5AC4A2A9FEFE9007263DA /* Prompt-BoldItalic.ttf in Resources */,
				88A5AC4C2A9FF010007263DA /* Prompt-Italic.ttf in Resources */,
				88A5AC472A9FEFDD007263DA /* Prompt-ExtraBold.ttf in Resources */,
				88A5AC412A9FEFC4007263DA /* Prompt-MediumItalic.ttf in Resources */,
				881DD9932AA181EA006B3DBB /* Prompt-SemiBold.ttf in Resources */,
				886291C92A9ECD2F008E13F3 /* Prompt-Bold.ttf in Resources */,
				8856AE532A9AAB3D008D5403 /* Assets.xcassets in Resources */,
			);
			runOnlyForDeploymentPostprocessing = 0;
		};
/* End PBXResourcesBuildPhase section */

/* Begin PBXShellScriptBuildPhase section */
		888903E12A9EC5C600F4FADA /* SwiftGen */ = {
			isa = PBXShellScriptBuildPhase;
			alwaysOutOfDate = 1;
			buildActionMask = 2147483647;
			files = (
			);
			inputFileListPaths = (
			);
			inputPaths = (
			);
			name = SwiftGen;
			outputFileListPaths = (
			);
			outputPaths = (
			);
			runOnlyForDeploymentPostprocessing = 0;
			shellPath = /bin/sh;
			shellScript = "./tools/swiftgen/swiftgen\n";
		};
/* End PBXShellScriptBuildPhase section */

/* Begin PBXSourcesBuildPhase section */
		8856AE472A9AAB3A008D5403 /* Sources */ = {
			isa = PBXSourcesBuildPhase;
			buildActionMask = 2147483647;
			files = (
				88A5AC212A9FC152007263DA /* Fonts+Generated.swift in Sources */,
				88A5AC3A2A9FE54A007263DA /* HomeViewModel.swift in Sources */,
				88A5AC272A9FDD5C007263DA /* Array+Extensions.swift in Sources */,
				8856AE512A9AAB3A008D5403 /* MainView.swift in Sources */,
				88A5AC502AA13188007263DA /* OptionCard in Sources */,
				88A5AC2A2A9FDDBC007263DA /* ShadowViewModifier.swift in Sources */,
				88A5AC4E2AA1311C007263DA /* BoxCard.swift in Sources */,
				881DD9962AA39E78006B3DBB /* TabBar.swift in Sources */,
				88A5AC302A9FE095007263DA /* AuthviewModel.swift in Sources */,
				88A5AC382A9FE26B007263DA /* MainViewModel.swift in Sources */,
				88A5AC3E2A9FE8A8007263DA /* Constants.swift in Sources */,
				8856AE4F2A9AAB3A008D5403 /* HaloApp.swift in Sources */,
				881DD9982AA3AD0C006B3DBB /* FocusModal.swift in Sources */,
				88A5AC222A9FC152007263DA /* Images+Generated.swift in Sources */,
				881DD99A2AA3B123006B3DBB /* BlueArrow.swift in Sources */,
				88A5AC202A9FC152007263DA /* Colors+Generated.swift in Sources */,
				8880A9432AA16F19006AD7C8 /* UIDevice+Extensions.swift in Sources */,
				88A5AC3C2A9FE644007263DA /* HomeScreen.swift in Sources */,
				88A5AC332A9FE0D5007263DA /* Auth.swift in Sources */,
			);
			runOnlyForDeploymentPostprocessing = 0;
		};
/* End PBXSourcesBuildPhase section */

/* Begin XCBuildConfiguration section */
		8856AE582A9AAB3D008D5403 /* Debug */ = {
			isa = XCBuildConfiguration;
			buildSettings = {
				ALWAYS_SEARCH_USER_PATHS = NO;
				CLANG_ANALYZER_NONNULL = YES;
				CLANG_ANALYZER_NUMBER_OBJECT_CONVERSION = YES_AGGRESSIVE;
				CLANG_CXX_LANGUAGE_STANDARD = "gnu++20";
				CLANG_ENABLE_MODULES = YES;
				CLANG_ENABLE_OBJC_ARC = YES;
				CLANG_ENABLE_OBJC_WEAK = YES;
				CLANG_WARN_BLOCK_CAPTURE_AUTORELEASING = YES;
				CLANG_WARN_BOOL_CONVERSION = YES;
				CLANG_WARN_COMMA = YES;
				CLANG_WARN_CONSTANT_CONVERSION = YES;
				CLANG_WARN_DEPRECATED_OBJC_IMPLEMENTATIONS = YES;
				CLANG_WARN_DIRECT_OBJC_ISA_USAGE = YES_ERROR;
				CLANG_WARN_DOCUMENTATION_COMMENTS = YES;
				CLANG_WARN_EMPTY_BODY = YES;
				CLANG_WARN_ENUM_CONVERSION = YES;
				CLANG_WARN_INFINITE_RECURSION = YES;
				CLANG_WARN_INT_CONVERSION = YES;
				CLANG_WARN_NON_LITERAL_NULL_CONVERSION = YES;
				CLANG_WARN_OBJC_IMPLICIT_RETAIN_SELF = YES;
				CLANG_WARN_OBJC_LITERAL_CONVERSION = YES;
				CLANG_WARN_OBJC_ROOT_CLASS = YES_ERROR;
				CLANG_WARN_QUOTED_INCLUDE_IN_FRAMEWORK_HEADER = YES;
				CLANG_WARN_RANGE_LOOP_ANALYSIS = YES;
				CLANG_WARN_STRICT_PROTOTYPES = YES;
				CLANG_WARN_SUSPICIOUS_MOVE = YES;
				CLANG_WARN_UNGUARDED_AVAILABILITY = YES_AGGRESSIVE;
				CLANG_WARN_UNREACHABLE_CODE = YES;
				CLANG_WARN__DUPLICATE_METHOD_MATCH = YES;
				COPY_PHASE_STRIP = NO;
				DEBUG_INFORMATION_FORMAT = dwarf;
				ENABLE_STRICT_OBJC_MSGSEND = YES;
				ENABLE_TESTABILITY = YES;
				GCC_C_LANGUAGE_STANDARD = gnu11;
				GCC_DYNAMIC_NO_PIC = NO;
				GCC_NO_COMMON_BLOCKS = YES;
				GCC_OPTIMIZATION_LEVEL = 0;
				GCC_PREPROCESSOR_DEFINITIONS = (
					"DEBUG=1",
					"$(inherited)",
				);
				GCC_WARN_64_TO_32_BIT_CONVERSION = YES;
				GCC_WARN_ABOUT_RETURN_TYPE = YES_ERROR;
				GCC_WARN_UNDECLARED_SELECTOR = YES;
				GCC_WARN_UNINITIALIZED_AUTOS = YES_AGGRESSIVE;
				GCC_WARN_UNUSED_FUNCTION = YES;
				GCC_WARN_UNUSED_VARIABLE = YES;
				MTL_ENABLE_DEBUG_INFO = INCLUDE_SOURCE;
				MTL_FAST_MATH = YES;
				ONLY_ACTIVE_ARCH = YES;
				SWIFT_ACTIVE_COMPILATION_CONDITIONS = DEBUG;
				SWIFT_OPTIMIZATION_LEVEL = "-Onone";
			};
			name = Debug;
		};
		8856AE592A9AAB3D008D5403 /* Release */ = {
			isa = XCBuildConfiguration;
			buildSettings = {
				ALWAYS_SEARCH_USER_PATHS = NO;
				CLANG_ANALYZER_NONNULL = YES;
				CLANG_ANALYZER_NUMBER_OBJECT_CONVERSION = YES_AGGRESSIVE;
				CLANG_CXX_LANGUAGE_STANDARD = "gnu++20";
				CLANG_ENABLE_MODULES = YES;
				CLANG_ENABLE_OBJC_ARC = YES;
				CLANG_ENABLE_OBJC_WEAK = YES;
				CLANG_WARN_BLOCK_CAPTURE_AUTORELEASING = YES;
				CLANG_WARN_BOOL_CONVERSION = YES;
				CLANG_WARN_COMMA = YES;
				CLANG_WARN_CONSTANT_CONVERSION = YES;
				CLANG_WARN_DEPRECATED_OBJC_IMPLEMENTATIONS = YES;
				CLANG_WARN_DIRECT_OBJC_ISA_USAGE = YES_ERROR;
				CLANG_WARN_DOCUMENTATION_COMMENTS = YES;
				CLANG_WARN_EMPTY_BODY = YES;
				CLANG_WARN_ENUM_CONVERSION = YES;
				CLANG_WARN_INFINITE_RECURSION = YES;
				CLANG_WARN_INT_CONVERSION = YES;
				CLANG_WARN_NON_LITERAL_NULL_CONVERSION = YES;
				CLANG_WARN_OBJC_IMPLICIT_RETAIN_SELF = YES;
				CLANG_WARN_OBJC_LITERAL_CONVERSION = YES;
				CLANG_WARN_OBJC_ROOT_CLASS = YES_ERROR;
				CLANG_WARN_QUOTED_INCLUDE_IN_FRAMEWORK_HEADER = YES;
				CLANG_WARN_RANGE_LOOP_ANALYSIS = YES;
				CLANG_WARN_STRICT_PROTOTYPES = YES;
				CLANG_WARN_SUSPICIOUS_MOVE = YES;
				CLANG_WARN_UNGUARDED_AVAILABILITY = YES_AGGRESSIVE;
				CLANG_WARN_UNREACHABLE_CODE = YES;
				CLANG_WARN__DUPLICATE_METHOD_MATCH = YES;
				COPY_PHASE_STRIP = NO;
				DEBUG_INFORMATION_FORMAT = "dwarf-with-dsym";
				ENABLE_NS_ASSERTIONS = NO;
				ENABLE_STRICT_OBJC_MSGSEND = YES;
				GCC_C_LANGUAGE_STANDARD = gnu11;
				GCC_NO_COMMON_BLOCKS = YES;
				GCC_WARN_64_TO_32_BIT_CONVERSION = YES;
				GCC_WARN_ABOUT_RETURN_TYPE = YES_ERROR;
				GCC_WARN_UNDECLARED_SELECTOR = YES;
				GCC_WARN_UNINITIALIZED_AUTOS = YES_AGGRESSIVE;
				GCC_WARN_UNUSED_FUNCTION = YES;
				GCC_WARN_UNUSED_VARIABLE = YES;
				MTL_ENABLE_DEBUG_INFO = NO;
				MTL_FAST_MATH = YES;
				SWIFT_COMPILATION_MODE = wholemodule;
				SWIFT_OPTIMIZATION_LEVEL = "-O";
			};
			name = Release;
		};
		8856AE5B2A9AAB3D008D5403 /* Debug */ = {
			isa = XCBuildConfiguration;
			buildSettings = {
				ASSETCATALOG_COMPILER_APPICON_NAME = AppIcon;
				ASSETCATALOG_COMPILER_GLOBAL_ACCENT_COLOR_NAME = AccentColor;
				CODE_SIGN_ENTITLEMENTS = Halo/Halo.entitlements;
				CODE_SIGN_STYLE = Automatic;
				CURRENT_PROJECT_VERSION = 1;
				DEVELOPMENT_ASSET_PATHS = "\"Halo/Preview Content\"";
				DEVELOPMENT_TEAM = 86SK3K6AM6;
				ENABLE_HARDENED_RUNTIME = YES;
				ENABLE_PREVIEWS = YES;
				GENERATE_INFOPLIST_FILE = YES;
				INFOPLIST_FILE = Halo/Info.plist;
				"INFOPLIST_KEY_UIApplicationSceneManifest_Generation[sdk=iphoneos*]" = YES;
				"INFOPLIST_KEY_UIApplicationSceneManifest_Generation[sdk=iphonesimulator*]" = YES;
				"INFOPLIST_KEY_UIApplicationSupportsIndirectInputEvents[sdk=iphoneos*]" = YES;
				"INFOPLIST_KEY_UIApplicationSupportsIndirectInputEvents[sdk=iphonesimulator*]" = YES;
				"INFOPLIST_KEY_UILaunchScreen_Generation[sdk=iphoneos*]" = YES;
				"INFOPLIST_KEY_UILaunchScreen_Generation[sdk=iphonesimulator*]" = YES;
				"INFOPLIST_KEY_UIStatusBarStyle[sdk=iphoneos*]" = UIStatusBarStyleDefault;
				"INFOPLIST_KEY_UIStatusBarStyle[sdk=iphonesimulator*]" = UIStatusBarStyleDefault;
				INFOPLIST_KEY_UISupportedInterfaceOrientations_iPad = "UIInterfaceOrientationPortrait UIInterfaceOrientationPortraitUpsideDown UIInterfaceOrientationLandscapeLeft UIInterfaceOrientationLandscapeRight";
				INFOPLIST_KEY_UISupportedInterfaceOrientations_iPhone = "UIInterfaceOrientationPortrait UIInterfaceOrientationLandscapeLeft UIInterfaceOrientationLandscapeRight";
				IPHONEOS_DEPLOYMENT_TARGET = 16.1;
				LD_RUNPATH_SEARCH_PATHS = "@executable_path/Frameworks";
				"LD_RUNPATH_SEARCH_PATHS[sdk=macosx*]" = "@executable_path/../Frameworks";
				MACOSX_DEPLOYMENT_TARGET = 13.0;
				MARKETING_VERSION = 1.0;
				PRODUCT_BUNDLE_IDENTIFIER = io.nora.Halo;
				PRODUCT_NAME = "$(TARGET_NAME)";
				SDKROOT = auto;
				SUPPORTED_PLATFORMS = "iphoneos iphonesimulator macosx";
				SWIFT_EMIT_LOC_STRINGS = YES;
				SWIFT_VERSION = 5.0;
				TARGETED_DEVICE_FAMILY = "1,2";
			};
			name = Debug;
		};
		8856AE5C2A9AAB3D008D5403 /* Release */ = {
			isa = XCBuildConfiguration;
			buildSettings = {
				ASSETCATALOG_COMPILER_APPICON_NAME = AppIcon;
				ASSETCATALOG_COMPILER_GLOBAL_ACCENT_COLOR_NAME = AccentColor;
				CODE_SIGN_ENTITLEMENTS = Halo/Halo.entitlements;
				CODE_SIGN_STYLE = Automatic;
				CURRENT_PROJECT_VERSION = 1;
				DEVELOPMENT_ASSET_PATHS = "\"Halo/Preview Content\"";
				DEVELOPMENT_TEAM = 86SK3K6AM6;
				ENABLE_HARDENED_RUNTIME = YES;
				ENABLE_PREVIEWS = YES;
				GENERATE_INFOPLIST_FILE = YES;
				INFOPLIST_FILE = Halo/Info.plist;
				"INFOPLIST_KEY_UIApplicationSceneManifest_Generation[sdk=iphoneos*]" = YES;
				"INFOPLIST_KEY_UIApplicationSceneManifest_Generation[sdk=iphonesimulator*]" = YES;
				"INFOPLIST_KEY_UIApplicationSupportsIndirectInputEvents[sdk=iphoneos*]" = YES;
				"INFOPLIST_KEY_UIApplicationSupportsIndirectInputEvents[sdk=iphonesimulator*]" = YES;
				"INFOPLIST_KEY_UILaunchScreen_Generation[sdk=iphoneos*]" = YES;
				"INFOPLIST_KEY_UILaunchScreen_Generation[sdk=iphonesimulator*]" = YES;
				"INFOPLIST_KEY_UIStatusBarStyle[sdk=iphoneos*]" = UIStatusBarStyleDefault;
				"INFOPLIST_KEY_UIStatusBarStyle[sdk=iphonesimulator*]" = UIStatusBarStyleDefault;
				INFOPLIST_KEY_UISupportedInterfaceOrientations_iPad = "UIInterfaceOrientationPortrait UIInterfaceOrientationPortraitUpsideDown UIInterfaceOrientationLandscapeLeft UIInterfaceOrientationLandscapeRight";
				INFOPLIST_KEY_UISupportedInterfaceOrientations_iPhone = "UIInterfaceOrientationPortrait UIInterfaceOrientationLandscapeLeft UIInterfaceOrientationLandscapeRight";
				IPHONEOS_DEPLOYMENT_TARGET = 16.1;
				LD_RUNPATH_SEARCH_PATHS = "@executable_path/Frameworks";
				"LD_RUNPATH_SEARCH_PATHS[sdk=macosx*]" = "@executable_path/../Frameworks";
				MACOSX_DEPLOYMENT_TARGET = 13.0;
				MARKETING_VERSION = 1.0;
				PRODUCT_BUNDLE_IDENTIFIER = io.nora.Halo;
				PRODUCT_NAME = "$(TARGET_NAME)";
				SDKROOT = auto;
				SUPPORTED_PLATFORMS = "iphoneos iphonesimulator macosx";
				SWIFT_EMIT_LOC_STRINGS = YES;
				SWIFT_VERSION = 5.0;
				TARGETED_DEVICE_FAMILY = "1,2";
			};
			name = Release;
		};
/* End XCBuildConfiguration section */

/* Begin XCConfigurationList section */
		8856AE462A9AAB3A008D5403 /* Build configuration list for PBXProject "Halo" */ = {
			isa = XCConfigurationList;
			buildConfigurations = (
				8856AE582A9AAB3D008D5403 /* Debug */,
				8856AE592A9AAB3D008D5403 /* Release */,
			);
			defaultConfigurationIsVisible = 0;
			defaultConfigurationName = Release;
		};
		8856AE5A2A9AAB3D008D5403 /* Build configuration list for PBXNativeTarget "Halo" */ = {
			isa = XCConfigurationList;
			buildConfigurations = (
				8856AE5B2A9AAB3D008D5403 /* Debug */,
				8856AE5C2A9AAB3D008D5403 /* Release */,
			);
			defaultConfigurationIsVisible = 0;
			defaultConfigurationName = Release;
		};
/* End XCConfigurationList section */
	};
	rootObject = 8856AE432A9AAB3A008D5403 /* Project object */;
}
