// !$*UTF8*$!
{
	archiveVersion = 1;
	classes = {
	};
	objectVersion = 56;
	objects = {

/* Begin PBXBuildFile section */
		880028B42AE06A5B0077265A /* DeviceActivity.framework in Frameworks */ = {isa = PBXBuildFile; fileRef = 880028B32AE06A5B0077265A /* DeviceActivity.framework */; };
		880028B72AE06A5B0077265A /* DeviceActivityMonitorExtension.swift in Sources */ = {isa = PBXBuildFile; fileRef = 880028B62AE06A5B0077265A /* DeviceActivityMonitorExtension.swift */; };
		880028BC2AE06A5B0077265A /* DeviceActivityMonitor.appex in Embed Foundation Extensions */ = {isa = PBXBuildFile; fileRef = 880028B12AE06A5B0077265A /* DeviceActivityMonitor.appex */; settings = {ATTRIBUTES = (RemoveHeadersOnCopy, ); }; };
		880028C22AE06B490077265A /* FamilyViewModel.swift in Sources */ = {isa = PBXBuildFile; fileRef = 880028C12AE06B490077265A /* FamilyViewModel.swift */; };
		880028CE2AE06D0F0077265A /* TotalActivityView.swift in Sources */ = {isa = PBXBuildFile; fileRef = 880028CD2AE06D0F0077265A /* TotalActivityView.swift */; };
		880028D32AE06D0F0077265A /* Report.appex in Embed ExtensionKit Extensions */ = {isa = PBXBuildFile; fileRef = 880028C72AE06D0F0077265A /* Report.appex */; settings = {ATTRIBUTES = (RemoveHeadersOnCopy, ); }; };
		880028D82AE0B1C50077265A /* AppDeviceActivity.swift in Sources */ = {isa = PBXBuildFile; fileRef = 880028D72AE0B1C50077265A /* AppDeviceActivity.swift */; };
		880028DC2AE16A110077265A /* Report.swift in Sources */ = {isa = PBXBuildFile; fileRef = 880028C92AE06D0F0077265A /* Report.swift */; };
		880028DE2AE16ACD0077265A /* TotalActivityReport.swift in Sources */ = {isa = PBXBuildFile; fileRef = 880028CB2AE06D0F0077265A /* TotalActivityReport.swift */; };
		880029372AE1C63F0077265A /* UnlockModal.swift in Sources */ = {isa = PBXBuildFile; fileRef = 880029362AE1C63F0077265A /* UnlockModal.swift */; };
		8801716A2AE49EE80066CF75 /* UserModel.swift in Sources */ = {isa = PBXBuildFile; fileRef = 880171692AE49EE80066CF75 /* UserModel.swift */; };
		8801716C2AE4A5320066CF75 /* AppDelegate.swift in Sources */ = {isa = PBXBuildFile; fileRef = 8801716B2AE4A5320066CF75 /* AppDelegate.swift */; };
		880BB3832AD0ADF7004307B2 /* DifficultyModal.swift in Sources */ = {isa = PBXBuildFile; fileRef = 880BB3822AD0ADF7004307B2 /* DifficultyModal.swift */; };
		881DD9932AA181EA006B3DBB /* Prompt-SemiBold.ttf in Resources */ = {isa = PBXBuildFile; fileRef = 881DD9912AA181EA006B3DBB /* Prompt-SemiBold.ttf */; };
		881DD9942AA181EA006B3DBB /* Prompt-SemiBoldItalic.ttf in Resources */ = {isa = PBXBuildFile; fileRef = 881DD9922AA181EA006B3DBB /* Prompt-SemiBoldItalic.ttf */; };
		881DD9962AA39E78006B3DBB /* TabBar.swift in Sources */ = {isa = PBXBuildFile; fileRef = 881DD9952AA39E78006B3DBB /* TabBar.swift */; };
		881DD9982AA3AD0C006B3DBB /* FocusModal.swift in Sources */ = {isa = PBXBuildFile; fileRef = 881DD9972AA3AD0C006B3DBB /* FocusModal.swift */; };
		881DD99A2AA3B123006B3DBB /* BlueArrow.swift in Sources */ = {isa = PBXBuildFile; fileRef = 881DD9992AA3B123006B3DBB /* BlueArrow.swift */; };
		882213412AA3C7ED00F59F11 /* PrimaryButton.swift in Sources */ = {isa = PBXBuildFile; fileRef = 882213402AA3C7ED00F59F11 /* PrimaryButton.swift */; };
		882213432AA3CF6800F59F11 /* OptionButton.swift in Sources */ = {isa = PBXBuildFile; fileRef = 882213422AA3CF6800F59F11 /* OptionButton.swift */; };
		882213452AA3E58500F59F11 /* AverageScreentime.swift in Sources */ = {isa = PBXBuildFile; fileRef = 882213442AA3E58500F59F11 /* AverageScreentime.swift */; };
		882EF0772ACCB18900B3B2CE /* LottieView.swift in Sources */ = {isa = PBXBuildFile; fileRef = 882EF0762ACCB18900B3B2CE /* LottieView.swift */; };
		882EF07A2ACCB42F00B3B2CE /* ShopScreen.swift in Sources */ = {isa = PBXBuildFile; fileRef = 882EF0792ACCB42F00B3B2CE /* ShopScreen.swift */; };
		8831CF032AE97E0500ADF9BA /* ScheduleSuccess.swift in Sources */ = {isa = PBXBuildFile; fileRef = 8831CF022AE97E0500ADF9BA /* ScheduleSuccess.swift */; };
		8831CF052AE98E6200ADF9BA /* NotificationHelper.swift in Sources */ = {isa = PBXBuildFile; fileRef = 8831CF042AE98E6200ADF9BA /* NotificationHelper.swift */; };
		8831CF062AEAD8BF00ADF9BA /* Constants.swift in Sources */ = {isa = PBXBuildFile; fileRef = 88A5AC3D2A9FE8A8007263DA /* Constants.swift */; };
		8831CF072AEAD8D300ADF9BA /* BoxCard.swift in Sources */ = {isa = PBXBuildFile; fileRef = 88A5AC4D2AA1311C007263DA /* BoxCard.swift */; };
		8831CF082AEAD8E300ADF9BA /* Colors.xcassets in Resources */ = {isa = PBXBuildFile; fileRef = 888903E32A9EC89E00F4FADA /* Colors.xcassets */; };
		8831CF092AEAD8F000ADF9BA /* Colors+Generated.swift in Sources */ = {isa = PBXBuildFile; fileRef = 88A5AC1D2A9FC152007263DA /* Colors+Generated.swift */; };
		8831CF0A2AEAD8FF00ADF9BA /* BlueArrow.swift in Sources */ = {isa = PBXBuildFile; fileRef = 881DD9992AA3B123006B3DBB /* BlueArrow.swift */; };
		8831CF0C2AEAD92D00ADF9BA /* Fonts+Generated.swift in Sources */ = {isa = PBXBuildFile; fileRef = 88A5AC1E2A9FC152007263DA /* Fonts+Generated.swift */; };
		8831CF0D2AEAD93300ADF9BA /* Prompt-SemiBold.ttf in Resources */ = {isa = PBXBuildFile; fileRef = 881DD9912AA181EA006B3DBB /* Prompt-SemiBold.ttf */; };
		8831CF0E2AEAD93800ADF9BA /* Prompt-SemiBoldItalic.ttf in Resources */ = {isa = PBXBuildFile; fileRef = 881DD9922AA181EA006B3DBB /* Prompt-SemiBoldItalic.ttf */; };
		8831CF0F2AEAD93B00ADF9BA /* Prompt-ExtraBold.ttf in Resources */ = {isa = PBXBuildFile; fileRef = 88A5AC452A9FEFDC007263DA /* Prompt-ExtraBold.ttf */; };
		8831CF102AEAD93F00ADF9BA /* Prompt-ExtraBold.ttf in Resources */ = {isa = PBXBuildFile; fileRef = 88A5AC452A9FEFDC007263DA /* Prompt-ExtraBold.ttf */; };
		8831CF112AEAD93F00ADF9BA /* Prompt-ExtraBold.ttf in Resources */ = {isa = PBXBuildFile; fileRef = 88A5AC452A9FEFDC007263DA /* Prompt-ExtraBold.ttf */; };
		8831CF122AEAD94200ADF9BA /* Prompt-ExtraBold.ttf in Resources */ = {isa = PBXBuildFile; fileRef = 88A5AC452A9FEFDC007263DA /* Prompt-ExtraBold.ttf */; };
		8831CF132AEAD94800ADF9BA /* Prompt-SemiBold.ttf in Resources */ = {isa = PBXBuildFile; fileRef = 881DD9912AA181EA006B3DBB /* Prompt-SemiBold.ttf */; };
		8831CF142AEAD94800ADF9BA /* Prompt-SemiBold.ttf in Resources */ = {isa = PBXBuildFile; fileRef = 881DD9912AA181EA006B3DBB /* Prompt-SemiBold.ttf */; };
		8831CF152AEAD94900ADF9BA /* Prompt-SemiBold.ttf in Resources */ = {isa = PBXBuildFile; fileRef = 881DD9912AA181EA006B3DBB /* Prompt-SemiBold.ttf */; };
		8831CF162AEAD94F00ADF9BA /* Prompt-SemiBoldItalic.ttf in Resources */ = {isa = PBXBuildFile; fileRef = 881DD9922AA181EA006B3DBB /* Prompt-SemiBoldItalic.ttf */; };
		8831CF172AEAD95000ADF9BA /* Prompt-SemiBoldItalic.ttf in Resources */ = {isa = PBXBuildFile; fileRef = 881DD9922AA181EA006B3DBB /* Prompt-SemiBoldItalic.ttf */; };
		8831CF182AEAD95000ADF9BA /* Prompt-SemiBoldItalic.ttf in Resources */ = {isa = PBXBuildFile; fileRef = 881DD9922AA181EA006B3DBB /* Prompt-SemiBoldItalic.ttf */; };
		8831CF192AEAD95500ADF9BA /* Prompt-ExtraBoldItalic.ttf in Resources */ = {isa = PBXBuildFile; fileRef = 88A5AC462A9FEFDD007263DA /* Prompt-ExtraBoldItalic.ttf */; };
		8831CF1A2AEAD95600ADF9BA /* Prompt-ExtraBoldItalic.ttf in Resources */ = {isa = PBXBuildFile; fileRef = 88A5AC462A9FEFDD007263DA /* Prompt-ExtraBoldItalic.ttf */; };
		8831CF1B2AEAD95600ADF9BA /* Prompt-ExtraBoldItalic.ttf in Resources */ = {isa = PBXBuildFile; fileRef = 88A5AC462A9FEFDD007263DA /* Prompt-ExtraBoldItalic.ttf */; };
		8831CF1C2AEAD95600ADF9BA /* Prompt-ExtraBoldItalic.ttf in Resources */ = {isa = PBXBuildFile; fileRef = 88A5AC462A9FEFDD007263DA /* Prompt-ExtraBoldItalic.ttf */; };
		8831CF1D2AEAD95A00ADF9BA /* Prompt-Italic.ttf in Resources */ = {isa = PBXBuildFile; fileRef = 88A5AC4B2A9FF010007263DA /* Prompt-Italic.ttf */; };
		8831CF1E2AEAD95B00ADF9BA /* Prompt-Italic.ttf in Resources */ = {isa = PBXBuildFile; fileRef = 88A5AC4B2A9FF010007263DA /* Prompt-Italic.ttf */; };
		8831CF1F2AEAD95B00ADF9BA /* Prompt-Italic.ttf in Resources */ = {isa = PBXBuildFile; fileRef = 88A5AC4B2A9FF010007263DA /* Prompt-Italic.ttf */; };
		8831CF202AEAD95B00ADF9BA /* Prompt-Italic.ttf in Resources */ = {isa = PBXBuildFile; fileRef = 88A5AC4B2A9FF010007263DA /* Prompt-Italic.ttf */; };
		8831CF212AEAD95F00ADF9BA /* Prompt-BoldItalic.ttf in Resources */ = {isa = PBXBuildFile; fileRef = 88A5AC492A9FEFE9007263DA /* Prompt-BoldItalic.ttf */; };
		8831CF222AEAD95F00ADF9BA /* Prompt-BoldItalic.ttf in Resources */ = {isa = PBXBuildFile; fileRef = 88A5AC492A9FEFE9007263DA /* Prompt-BoldItalic.ttf */; };
		8831CF232AEAD96000ADF9BA /* Prompt-BoldItalic.ttf in Resources */ = {isa = PBXBuildFile; fileRef = 88A5AC492A9FEFE9007263DA /* Prompt-BoldItalic.ttf */; };
		8831CF242AEAD96000ADF9BA /* Prompt-BoldItalic.ttf in Resources */ = {isa = PBXBuildFile; fileRef = 88A5AC492A9FEFE9007263DA /* Prompt-BoldItalic.ttf */; };
		8831CF252AEAD96900ADF9BA /* Prompt-Medium.ttf in Resources */ = {isa = PBXBuildFile; fileRef = 88A5AC402A9FEFC4007263DA /* Prompt-Medium.ttf */; };
		8831CF262AEAD96A00ADF9BA /* Prompt-Medium.ttf in Resources */ = {isa = PBXBuildFile; fileRef = 88A5AC402A9FEFC4007263DA /* Prompt-Medium.ttf */; };
		8831CF272AEAD96A00ADF9BA /* Prompt-Medium.ttf in Resources */ = {isa = PBXBuildFile; fileRef = 88A5AC402A9FEFC4007263DA /* Prompt-Medium.ttf */; };
		8831CF282AEAD96A00ADF9BA /* Prompt-Medium.ttf in Resources */ = {isa = PBXBuildFile; fileRef = 88A5AC402A9FEFC4007263DA /* Prompt-Medium.ttf */; };
		8831CF292AEAD96E00ADF9BA /* Prompt-MediumItalic.ttf in Resources */ = {isa = PBXBuildFile; fileRef = 88A5AC3F2A9FEFC3007263DA /* Prompt-MediumItalic.ttf */; };
		8831CF2A2AEAD96E00ADF9BA /* Prompt-MediumItalic.ttf in Resources */ = {isa = PBXBuildFile; fileRef = 88A5AC3F2A9FEFC3007263DA /* Prompt-MediumItalic.ttf */; };
		8831CF2B2AEAD96F00ADF9BA /* Prompt-MediumItalic.ttf in Resources */ = {isa = PBXBuildFile; fileRef = 88A5AC3F2A9FEFC3007263DA /* Prompt-MediumItalic.ttf */; };
		8831CF2C2AEAD96F00ADF9BA /* Prompt-MediumItalic.ttf in Resources */ = {isa = PBXBuildFile; fileRef = 88A5AC3F2A9FEFC3007263DA /* Prompt-MediumItalic.ttf */; };
		8831CF2D2AEAD97300ADF9BA /* Prompt-Bold.ttf in Resources */ = {isa = PBXBuildFile; fileRef = 886291C82A9ECD2E008E13F3 /* Prompt-Bold.ttf */; };
		8831CF2E2AEAD97300ADF9BA /* Prompt-Bold.ttf in Resources */ = {isa = PBXBuildFile; fileRef = 886291C82A9ECD2E008E13F3 /* Prompt-Bold.ttf */; };
		8831CF302AEAD97500ADF9BA /* Prompt-Bold.ttf in Resources */ = {isa = PBXBuildFile; fileRef = 886291C82A9ECD2E008E13F3 /* Prompt-Bold.ttf */; };
		8831CF312AEAD97500ADF9BA /* Prompt-Bold.ttf in Resources */ = {isa = PBXBuildFile; fileRef = 886291C82A9ECD2E008E13F3 /* Prompt-Bold.ttf */; };
		8831CF322AEAD97A00ADF9BA /* Prompt-Regular.ttf in Resources */ = {isa = PBXBuildFile; fileRef = 886291C72A9ECD0C008E13F3 /* Prompt-Regular.ttf */; };
		8831CF332AEAD97B00ADF9BA /* Prompt-Regular.ttf in Resources */ = {isa = PBXBuildFile; fileRef = 886291C72A9ECD0C008E13F3 /* Prompt-Regular.ttf */; };
		8831CF342AEAD97B00ADF9BA /* Prompt-Regular.ttf in Resources */ = {isa = PBXBuildFile; fileRef = 886291C72A9ECD0C008E13F3 /* Prompt-Regular.ttf */; };
		8831CF352AEAD97C00ADF9BA /* Prompt-Regular.ttf in Resources */ = {isa = PBXBuildFile; fileRef = 886291C72A9ECD0C008E13F3 /* Prompt-Regular.ttf */; };
		8831CF362AEAD97C00ADF9BA /* Prompt-Regular.ttf in Resources */ = {isa = PBXBuildFile; fileRef = 886291C72A9ECD0C008E13F3 /* Prompt-Regular.ttf */; };
		8831CF372AEAD99E00ADF9BA /* ShadowViewModifier.swift in Sources */ = {isa = PBXBuildFile; fileRef = 88A5AC292A9FDDBC007263DA /* ShadowViewModifier.swift */; };
		8831CF382AEAD99F00ADF9BA /* ShadowViewModifier.swift in Sources */ = {isa = PBXBuildFile; fileRef = 88A5AC292A9FDDBC007263DA /* ShadowViewModifier.swift */; };
		8831CF392AEAD99F00ADF9BA /* ShadowViewModifier.swift in Sources */ = {isa = PBXBuildFile; fileRef = 88A5AC292A9FDDBC007263DA /* ShadowViewModifier.swift */; };
		8831CF3A2AEAD99F00ADF9BA /* ShadowViewModifier.swift in Sources */ = {isa = PBXBuildFile; fileRef = 88A5AC292A9FDDBC007263DA /* ShadowViewModifier.swift */; };
		8831CF3B2AEAE69700ADF9BA /* Fonts+Generated.swift in Sources */ = {isa = PBXBuildFile; fileRef = 88A5AC1E2A9FC152007263DA /* Fonts+Generated.swift */; };
		8831CF3C2AEAE69700ADF9BA /* Fonts+Generated.swift in Sources */ = {isa = PBXBuildFile; fileRef = 88A5AC1E2A9FC152007263DA /* Fonts+Generated.swift */; };
		8831CF3D2AEAE69700ADF9BA /* Fonts+Generated.swift in Sources */ = {isa = PBXBuildFile; fileRef = 88A5AC1E2A9FC152007263DA /* Fonts+Generated.swift */; };
		8856AE4F2A9AAB3A008D5403 /* HaloApp.swift in Sources */ = {isa = PBXBuildFile; fileRef = 8856AE4E2A9AAB3A008D5403 /* HaloApp.swift */; };
		8856AE512A9AAB3A008D5403 /* MainView.swift in Sources */ = {isa = PBXBuildFile; fileRef = 8856AE502A9AAB3A008D5403 /* MainView.swift */; };
		8856AE532A9AAB3D008D5403 /* Assets.xcassets in Resources */ = {isa = PBXBuildFile; fileRef = 8856AE522A9AAB3D008D5403 /* Assets.xcassets */; };
		8856AE572A9AAB3D008D5403 /* Preview Assets.xcassets in Resources */ = {isa = PBXBuildFile; fileRef = 8856AE562A9AAB3D008D5403 /* Preview Assets.xcassets */; };
		8858F6822ABFF2D6001FAFF9 /* OnboardingCarouselScreen.swift in Sources */ = {isa = PBXBuildFile; fileRef = 8858F6812ABFF2D6001FAFF9 /* OnboardingCarouselScreen.swift */; };
		886291C92A9ECD2F008E13F3 /* Prompt-Bold.ttf in Resources */ = {isa = PBXBuildFile; fileRef = 886291C82A9ECD2E008E13F3 /* Prompt-Bold.ttf */; };
		8868D24C2AD1E23200BD32ED /* RulesScreen.swift in Sources */ = {isa = PBXBuildFile; fileRef = 8868D24B2AD1E23200BD32ED /* RulesScreen.swift */; };
		8868D24F2AD1E30E00BD32ED /* TwoOptionMenu.swift in Sources */ = {isa = PBXBuildFile; fileRef = 8868D24E2AD1E30E00BD32ED /* TwoOptionMenu.swift */; };
		8868D2512AD1EDD700BD32ED /* AppScheduleModal.swift in Sources */ = {isa = PBXBuildFile; fileRef = 8868D2502AD1EDD700BD32ED /* AppScheduleModal.swift */; };
		8868D2532AD1EE5300BD32ED /* AppLimitsModal.swift in Sources */ = {isa = PBXBuildFile; fileRef = 8868D2522AD1EE5300BD32ED /* AppLimitsModal.swift */; };
		8868D2552AD1F5F200BD32ED /* CustomStyles.swift in Sources */ = {isa = PBXBuildFile; fileRef = 8868D2542AD1F5F200BD32ED /* CustomStyles.swift */; };
		887367BA2AE1CF6A00408BD5 /* ManagedSettings.framework in Frameworks */ = {isa = PBXBuildFile; fileRef = 887367B92AE1CF6A00408BD5 /* ManagedSettings.framework */; };
		887367BD2AE1CF6A00408BD5 /* ShieldActionExtension.swift in Sources */ = {isa = PBXBuildFile; fileRef = 887367BC2AE1CF6A00408BD5 /* ShieldActionExtension.swift */; };
		887367C22AE1CF6A00408BD5 /* ShieldAction.appex in Embed Foundation Extensions */ = {isa = PBXBuildFile; fileRef = 887367B82AE1CF6A00408BD5 /* ShieldAction.appex */; settings = {ATTRIBUTES = (RemoveHeadersOnCopy, ); }; };
		887367CB2AE1CF7700408BD5 /* ManagedSettings.framework in Frameworks */ = {isa = PBXBuildFile; fileRef = 887367B92AE1CF6A00408BD5 /* ManagedSettings.framework */; };
		887367CD2AE1CF7700408BD5 /* ManagedSettingsUI.framework in Frameworks */ = {isa = PBXBuildFile; fileRef = 887367CC2AE1CF7700408BD5 /* ManagedSettingsUI.framework */; };
		887367D02AE1CF7700408BD5 /* ShieldConfigurationExtension.swift in Sources */ = {isa = PBXBuildFile; fileRef = 887367CF2AE1CF7700408BD5 /* ShieldConfigurationExtension.swift */; };
		887367D52AE1CF7700408BD5 /* ShieldConfiguration.appex in Embed Foundation Extensions */ = {isa = PBXBuildFile; fileRef = 887367CA2AE1CF7700408BD5 /* ShieldConfiguration.appex */; settings = {ATTRIBUTES = (RemoveHeadersOnCopy, ); }; };
		887367D92AE1D19600408BD5 /* Images.xcassets in Resources */ = {isa = PBXBuildFile; fileRef = 888903E52A9EC8AE00F4FADA /* Images.xcassets */; };
		887418182ACC9F1D0042665A /* MiddleModal.swift in Sources */ = {isa = PBXBuildFile; fileRef = 887418172ACC9F1D0042665A /* MiddleModal.swift */; };
		8874181B2ACCA59A0042665A /* Lottie in Frameworks */ = {isa = PBXBuildFile; productRef = 8874181A2ACCA59A0042665A /* Lottie */; };
		8874181E2ACCA5D40042665A /* confetti.json in Resources */ = {isa = PBXBuildFile; fileRef = 8874181D2ACCA5D40042665A /* confetti.json */; };
		8880A9432AA16F19006AD7C8 /* UIDevice+Extensions.swift in Sources */ = {isa = PBXBuildFile; fileRef = 8880A9422AA16F19006AD7C8 /* UIDevice+Extensions.swift */; };
		888903E42A9EC89E00F4FADA /* Colors.xcassets in Resources */ = {isa = PBXBuildFile; fileRef = 888903E32A9EC89E00F4FADA /* Colors.xcassets */; };
		888903E62A9EC8AE00F4FADA /* Images.xcassets in Resources */ = {isa = PBXBuildFile; fileRef = 888903E52A9EC8AE00F4FADA /* Images.xcassets */; };
		889492B82AE60B1000630CBF /* RulesViewModel.swift in Sources */ = {isa = PBXBuildFile; fileRef = 889492B72AE60B1000630CBF /* RulesViewModel.swift */; };
		889492BA2AE6C61100630CBF /* TypeExtensions.swift in Sources */ = {isa = PBXBuildFile; fileRef = 889492B92AE6C61100630CBF /* TypeExtensions.swift */; };
		889492C12AE9613600630CBF /* WidgetKit.framework in Frameworks */ = {isa = PBXBuildFile; fileRef = 889492C02AE9613600630CBF /* WidgetKit.framework */; };
		889492C32AE9613600630CBF /* SwiftUI.framework in Frameworks */ = {isa = PBXBuildFile; fileRef = 889492C22AE9613600630CBF /* SwiftUI.framework */; };
		889492C62AE9613600630CBF /* HaloWidgetBundle.swift in Sources */ = {isa = PBXBuildFile; fileRef = 889492C52AE9613600630CBF /* HaloWidgetBundle.swift */; };
		889492C82AE9613600630CBF /* HaloWidgetLiveActivity.swift in Sources */ = {isa = PBXBuildFile; fileRef = 889492C72AE9613600630CBF /* HaloWidgetLiveActivity.swift */; };
		889492CA2AE9613600630CBF /* HaloWidget.swift in Sources */ = {isa = PBXBuildFile; fileRef = 889492C92AE9613600630CBF /* HaloWidget.swift */; };
		889492CC2AE9613600630CBF /* AppIntent.swift in Sources */ = {isa = PBXBuildFile; fileRef = 889492CB2AE9613600630CBF /* AppIntent.swift */; };
		889492CE2AE9613900630CBF /* Assets.xcassets in Resources */ = {isa = PBXBuildFile; fileRef = 889492CD2AE9613900630CBF /* Assets.xcassets */; };
		889492D22AE9613900630CBF /* HaloWidgetExtension.appex in Embed Foundation Extensions */ = {isa = PBXBuildFile; fileRef = 889492BF2AE9613600630CBF /* HaloWidgetExtension.appex */; settings = {ATTRIBUTES = (RemoveHeadersOnCopy, ); }; };
		88A12FDD2AE31F5000041ACA /* StatsActivityView.swift in Sources */ = {isa = PBXBuildFile; fileRef = 88A12FDC2AE31F5000041ACA /* StatsActivityView.swift */; };
		88A12FDF2AE3212800041ACA /* StatsActivityReport.swift in Sources */ = {isa = PBXBuildFile; fileRef = 88A12FDE2AE3212800041ACA /* StatsActivityReport.swift */; };
		88A12FE22AE454D400041ACA /* PlusMenu.swift in Sources */ = {isa = PBXBuildFile; fileRef = 88A12FE12AE454D400041ACA /* PlusMenu.swift */; };
		88A12FE42AE45AB100041ACA /* ScheduleModel.swift in Sources */ = {isa = PBXBuildFile; fileRef = 88A12FE32AE45AB100041ACA /* ScheduleModel.swift */; };
		88A12FE62AE45ABE00041ACA /* LimitModel.swift in Sources */ = {isa = PBXBuildFile; fileRef = 88A12FE52AE45ABE00041ACA /* LimitModel.swift */; };
		88A5AC202A9FC152007263DA /* Colors+Generated.swift in Sources */ = {isa = PBXBuildFile; fileRef = 88A5AC1D2A9FC152007263DA /* Colors+Generated.swift */; };
		88A5AC212A9FC152007263DA /* Fonts+Generated.swift in Sources */ = {isa = PBXBuildFile; fileRef = 88A5AC1E2A9FC152007263DA /* Fonts+Generated.swift */; };
		88A5AC222A9FC152007263DA /* Images+Generated.swift in Sources */ = {isa = PBXBuildFile; fileRef = 88A5AC1F2A9FC152007263DA /* Images+Generated.swift */; };
		88A5AC2A2A9FDDBC007263DA /* ShadowViewModifier.swift in Sources */ = {isa = PBXBuildFile; fileRef = 88A5AC292A9FDDBC007263DA /* ShadowViewModifier.swift */; };
		88A5AC302A9FE095007263DA /* AuthviewModel.swift in Sources */ = {isa = PBXBuildFile; fileRef = 88A5AC2F2A9FE095007263DA /* AuthviewModel.swift */; };
		88A5AC332A9FE0D5007263DA /* Auth.swift in Sources */ = {isa = PBXBuildFile; fileRef = 88A5AC322A9FE0D5007263DA /* Auth.swift */; };
		88A5AC382A9FE26B007263DA /* MainViewModel.swift in Sources */ = {isa = PBXBuildFile; fileRef = 88A5AC372A9FE26B007263DA /* MainViewModel.swift */; };
		88A5AC3A2A9FE54A007263DA /* HomeViewModel.swift in Sources */ = {isa = PBXBuildFile; fileRef = 88A5AC392A9FE54A007263DA /* HomeViewModel.swift */; };
		88A5AC3C2A9FE644007263DA /* HomeScreen.swift in Sources */ = {isa = PBXBuildFile; fileRef = 88A5AC3B2A9FE644007263DA /* HomeScreen.swift */; };
		88A5AC3E2A9FE8A8007263DA /* Constants.swift in Sources */ = {isa = PBXBuildFile; fileRef = 88A5AC3D2A9FE8A8007263DA /* Constants.swift */; };
		88A5AC412A9FEFC4007263DA /* Prompt-MediumItalic.ttf in Resources */ = {isa = PBXBuildFile; fileRef = 88A5AC3F2A9FEFC3007263DA /* Prompt-MediumItalic.ttf */; };
		88A5AC422A9FEFC4007263DA /* Prompt-Medium.ttf in Resources */ = {isa = PBXBuildFile; fileRef = 88A5AC402A9FEFC4007263DA /* Prompt-Medium.ttf */; };
		88A5AC472A9FEFDD007263DA /* Prompt-ExtraBold.ttf in Resources */ = {isa = PBXBuildFile; fileRef = 88A5AC452A9FEFDC007263DA /* Prompt-ExtraBold.ttf */; };
		88A5AC482A9FEFDD007263DA /* Prompt-ExtraBoldItalic.ttf in Resources */ = {isa = PBXBuildFile; fileRef = 88A5AC462A9FEFDD007263DA /* Prompt-ExtraBoldItalic.ttf */; };
		88A5AC4A2A9FEFE9007263DA /* Prompt-BoldItalic.ttf in Resources */ = {isa = PBXBuildFile; fileRef = 88A5AC492A9FEFE9007263DA /* Prompt-BoldItalic.ttf */; };
		88A5AC4C2A9FF010007263DA /* Prompt-Italic.ttf in Resources */ = {isa = PBXBuildFile; fileRef = 88A5AC4B2A9FF010007263DA /* Prompt-Italic.ttf */; };
		88A5AC4E2AA1311C007263DA /* BoxCard.swift in Sources */ = {isa = PBXBuildFile; fileRef = 88A5AC4D2AA1311C007263DA /* BoxCard.swift */; };
		88B773302AA960B6001D6485 /* AgeScreen.swift in Sources */ = {isa = PBXBuildFile; fileRef = 88B7732F2AA960B6001D6485 /* AgeScreen.swift */; };
		88B773322AA96C2E001D6485 /* YearsScreen.swift in Sources */ = {isa = PBXBuildFile; fileRef = 88B773312AA96C2E001D6485 /* YearsScreen.swift */; };
		88B773342AA96E17001D6485 /* GraphScreen.swift in Sources */ = {isa = PBXBuildFile; fileRef = 88B773332AA96E17001D6485 /* GraphScreen.swift */; };
		88B773362AAE6F37001D6485 /* OnboardingScreen.swift in Sources */ = {isa = PBXBuildFile; fileRef = 88B773352AAE6F37001D6485 /* OnboardingScreen.swift */; };
		88BED1702AE05B9400FEDA16 /* ConnectScreentime.swift in Sources */ = {isa = PBXBuildFile; fileRef = 88BED16F2AE05B9400FEDA16 /* ConnectScreentime.swift */; };
/* End PBXBuildFile section */

/* Begin PBXContainerItemProxy section */
		880028BA2AE06A5B0077265A /* PBXContainerItemProxy */ = {
			isa = PBXContainerItemProxy;
			containerPortal = 8856AE432A9AAB3A008D5403 /* Project object */;
			proxyType = 1;
			remoteGlobalIDString = 880028B02AE06A5B0077265A;
			remoteInfo = DeviceActivityMonitor;
		};
		880028D12AE06D0F0077265A /* PBXContainerItemProxy */ = {
			isa = PBXContainerItemProxy;
			containerPortal = 8856AE432A9AAB3A008D5403 /* Project object */;
			proxyType = 1;
			remoteGlobalIDString = 880028C62AE06D0F0077265A;
			remoteInfo = Report;
		};
		887367C02AE1CF6A00408BD5 /* PBXContainerItemProxy */ = {
			isa = PBXContainerItemProxy;
			containerPortal = 8856AE432A9AAB3A008D5403 /* Project object */;
			proxyType = 1;
			remoteGlobalIDString = 887367B72AE1CF6A00408BD5;
			remoteInfo = ShieldAction;
		};
		887367D32AE1CF7700408BD5 /* PBXContainerItemProxy */ = {
			isa = PBXContainerItemProxy;
			containerPortal = 8856AE432A9AAB3A008D5403 /* Project object */;
			proxyType = 1;
			remoteGlobalIDString = 887367C92AE1CF7700408BD5;
			remoteInfo = ShieldConfiguration;
		};
		889492D02AE9613900630CBF /* PBXContainerItemProxy */ = {
			isa = PBXContainerItemProxy;
			containerPortal = 8856AE432A9AAB3A008D5403 /* Project object */;
			proxyType = 1;
			remoteGlobalIDString = 889492BE2AE9613600630CBF;
			remoteInfo = HaloWidgetExtension;
		};
/* End PBXContainerItemProxy section */

/* Begin PBXCopyFilesBuildPhase section */
		880028BD2AE06A5B0077265A /* Embed Foundation Extensions */ = {
			isa = PBXCopyFilesBuildPhase;
			buildActionMask = 2147483647;
			dstPath = "";
			dstSubfolderSpec = 13;
			files = (
				887367D52AE1CF7700408BD5 /* ShieldConfiguration.appex in Embed Foundation Extensions */,
				880028BC2AE06A5B0077265A /* DeviceActivityMonitor.appex in Embed Foundation Extensions */,
				889492D22AE9613900630CBF /* HaloWidgetExtension.appex in Embed Foundation Extensions */,
				887367C22AE1CF6A00408BD5 /* ShieldAction.appex in Embed Foundation Extensions */,
			);
			name = "Embed Foundation Extensions";
			runOnlyForDeploymentPostprocessing = 0;
		};
		88BED1692AE03EBF00FEDA16 /* Embed ExtensionKit Extensions */ = {
			isa = PBXCopyFilesBuildPhase;
			buildActionMask = 2147483647;
			dstPath = "$(EXTENSIONS_FOLDER_PATH)";
			dstSubfolderSpec = 16;
			files = (
				880028D32AE06D0F0077265A /* Report.appex in Embed ExtensionKit Extensions */,
			);
			name = "Embed ExtensionKit Extensions";
			runOnlyForDeploymentPostprocessing = 0;
		};
/* End PBXCopyFilesBuildPhase section */

/* Begin PBXFileReference section */
		880028B12AE06A5B0077265A /* DeviceActivityMonitor.appex */ = {isa = PBXFileReference; explicitFileType = "wrapper.app-extension"; includeInIndex = 0; path = DeviceActivityMonitor.appex; sourceTree = BUILT_PRODUCTS_DIR; };
		880028B32AE06A5B0077265A /* DeviceActivity.framework */ = {isa = PBXFileReference; lastKnownFileType = wrapper.framework; name = DeviceActivity.framework; path = System/Library/Frameworks/DeviceActivity.framework; sourceTree = SDKROOT; };
		880028B62AE06A5B0077265A /* DeviceActivityMonitorExtension.swift */ = {isa = PBXFileReference; lastKnownFileType = sourcecode.swift; path = DeviceActivityMonitorExtension.swift; sourceTree = "<group>"; };
		880028B82AE06A5B0077265A /* Info.plist */ = {isa = PBXFileReference; lastKnownFileType = text.plist.xml; path = Info.plist; sourceTree = "<group>"; };
		880028B92AE06A5B0077265A /* DeviceActivityMonitor.entitlements */ = {isa = PBXFileReference; lastKnownFileType = text.plist.entitlements; path = DeviceActivityMonitor.entitlements; sourceTree = "<group>"; };
		880028C12AE06B490077265A /* FamilyViewModel.swift */ = {isa = PBXFileReference; lastKnownFileType = sourcecode.swift; path = FamilyViewModel.swift; sourceTree = "<group>"; };
		880028C72AE06D0F0077265A /* Report.appex */ = {isa = PBXFileReference; explicitFileType = "wrapper.extensionkit-extension"; includeInIndex = 0; path = Report.appex; sourceTree = BUILT_PRODUCTS_DIR; };
		880028C92AE06D0F0077265A /* Report.swift */ = {isa = PBXFileReference; lastKnownFileType = sourcecode.swift; path = Report.swift; sourceTree = "<group>"; };
		880028CB2AE06D0F0077265A /* TotalActivityReport.swift */ = {isa = PBXFileReference; lastKnownFileType = sourcecode.swift; path = TotalActivityReport.swift; sourceTree = "<group>"; };
		880028CD2AE06D0F0077265A /* TotalActivityView.swift */ = {isa = PBXFileReference; lastKnownFileType = sourcecode.swift; path = TotalActivityView.swift; sourceTree = "<group>"; };
		880028CF2AE06D0F0077265A /* Info.plist */ = {isa = PBXFileReference; lastKnownFileType = text.plist.xml; path = Info.plist; sourceTree = "<group>"; };
		880028D02AE06D0F0077265A /* Report.entitlements */ = {isa = PBXFileReference; lastKnownFileType = text.plist.entitlements; path = Report.entitlements; sourceTree = "<group>"; };
		880028D72AE0B1C50077265A /* AppDeviceActivity.swift */ = {isa = PBXFileReference; lastKnownFileType = sourcecode.swift; path = AppDeviceActivity.swift; sourceTree = "<group>"; };
		880029362AE1C63F0077265A /* UnlockModal.swift */ = {isa = PBXFileReference; lastKnownFileType = sourcecode.swift; path = UnlockModal.swift; sourceTree = "<group>"; };
		880171692AE49EE80066CF75 /* UserModel.swift */ = {isa = PBXFileReference; lastKnownFileType = sourcecode.swift; path = UserModel.swift; sourceTree = "<group>"; };
		8801716B2AE4A5320066CF75 /* AppDelegate.swift */ = {isa = PBXFileReference; lastKnownFileType = sourcecode.swift; path = AppDelegate.swift; sourceTree = "<group>"; };
		880BB3822AD0ADF7004307B2 /* DifficultyModal.swift */ = {isa = PBXFileReference; lastKnownFileType = sourcecode.swift; path = DifficultyModal.swift; sourceTree = "<group>"; };
		881DD9912AA181EA006B3DBB /* Prompt-SemiBold.ttf */ = {isa = PBXFileReference; lastKnownFileType = file; path = "Prompt-SemiBold.ttf"; sourceTree = "<group>"; };
		881DD9922AA181EA006B3DBB /* Prompt-SemiBoldItalic.ttf */ = {isa = PBXFileReference; lastKnownFileType = file; path = "Prompt-SemiBoldItalic.ttf"; sourceTree = "<group>"; };
		881DD9952AA39E78006B3DBB /* TabBar.swift */ = {isa = PBXFileReference; lastKnownFileType = sourcecode.swift; path = TabBar.swift; sourceTree = "<group>"; };
		881DD9972AA3AD0C006B3DBB /* FocusModal.swift */ = {isa = PBXFileReference; lastKnownFileType = sourcecode.swift; path = FocusModal.swift; sourceTree = "<group>"; };
		881DD9992AA3B123006B3DBB /* BlueArrow.swift */ = {isa = PBXFileReference; lastKnownFileType = sourcecode.swift; path = BlueArrow.swift; sourceTree = "<group>"; };
		882213402AA3C7ED00F59F11 /* PrimaryButton.swift */ = {isa = PBXFileReference; lastKnownFileType = sourcecode.swift; path = PrimaryButton.swift; sourceTree = "<group>"; };
		882213422AA3CF6800F59F11 /* OptionButton.swift */ = {isa = PBXFileReference; lastKnownFileType = sourcecode.swift; path = OptionButton.swift; sourceTree = "<group>"; };
		882213442AA3E58500F59F11 /* AverageScreentime.swift */ = {isa = PBXFileReference; lastKnownFileType = sourcecode.swift; path = AverageScreentime.swift; sourceTree = "<group>"; };
		882EF0762ACCB18900B3B2CE /* LottieView.swift */ = {isa = PBXFileReference; lastKnownFileType = sourcecode.swift; path = LottieView.swift; sourceTree = "<group>"; };
		882EF0792ACCB42F00B3B2CE /* ShopScreen.swift */ = {isa = PBXFileReference; lastKnownFileType = sourcecode.swift; path = ShopScreen.swift; sourceTree = "<group>"; };
		8831CF022AE97E0500ADF9BA /* ScheduleSuccess.swift */ = {isa = PBXFileReference; lastKnownFileType = sourcecode.swift; path = ScheduleSuccess.swift; sourceTree = "<group>"; };
		8831CF042AE98E6200ADF9BA /* NotificationHelper.swift */ = {isa = PBXFileReference; lastKnownFileType = sourcecode.swift; path = NotificationHelper.swift; sourceTree = "<group>"; };
		8856AE4B2A9AAB3A008D5403 /* Halo.app */ = {isa = PBXFileReference; explicitFileType = wrapper.application; includeInIndex = 0; path = Halo.app; sourceTree = BUILT_PRODUCTS_DIR; };
		8856AE4E2A9AAB3A008D5403 /* HaloApp.swift */ = {isa = PBXFileReference; lastKnownFileType = sourcecode.swift; path = HaloApp.swift; sourceTree = "<group>"; };
		8856AE502A9AAB3A008D5403 /* MainView.swift */ = {isa = PBXFileReference; lastKnownFileType = sourcecode.swift; path = MainView.swift; sourceTree = "<group>"; };
		8856AE522A9AAB3D008D5403 /* Assets.xcassets */ = {isa = PBXFileReference; lastKnownFileType = folder.assetcatalog; path = Assets.xcassets; sourceTree = "<group>"; };
		8856AE542A9AAB3D008D5403 /* Halo.entitlements */ = {isa = PBXFileReference; lastKnownFileType = text.plist.entitlements; path = Halo.entitlements; sourceTree = "<group>"; };
		8856AE562A9AAB3D008D5403 /* Preview Assets.xcassets */ = {isa = PBXFileReference; lastKnownFileType = folder.assetcatalog; path = "Preview Assets.xcassets"; sourceTree = "<group>"; };
		8858F6812ABFF2D6001FAFF9 /* OnboardingCarouselScreen.swift */ = {isa = PBXFileReference; lastKnownFileType = sourcecode.swift; path = OnboardingCarouselScreen.swift; sourceTree = "<group>"; };
		886291C72A9ECD0C008E13F3 /* Prompt-Regular.ttf */ = {isa = PBXFileReference; lastKnownFileType = file; path = "Prompt-Regular.ttf"; sourceTree = "<group>"; };
		886291C82A9ECD2E008E13F3 /* Prompt-Bold.ttf */ = {isa = PBXFileReference; lastKnownFileType = file; path = "Prompt-Bold.ttf"; sourceTree = "<group>"; };
		8868D24B2AD1E23200BD32ED /* RulesScreen.swift */ = {isa = PBXFileReference; lastKnownFileType = sourcecode.swift; path = RulesScreen.swift; sourceTree = "<group>"; };
		8868D24E2AD1E30E00BD32ED /* TwoOptionMenu.swift */ = {isa = PBXFileReference; lastKnownFileType = sourcecode.swift; path = TwoOptionMenu.swift; sourceTree = "<group>"; };
		8868D2502AD1EDD700BD32ED /* AppScheduleModal.swift */ = {isa = PBXFileReference; lastKnownFileType = sourcecode.swift; path = AppScheduleModal.swift; sourceTree = "<group>"; };
		8868D2522AD1EE5300BD32ED /* AppLimitsModal.swift */ = {isa = PBXFileReference; lastKnownFileType = sourcecode.swift; path = AppLimitsModal.swift; sourceTree = "<group>"; };
		8868D2542AD1F5F200BD32ED /* CustomStyles.swift */ = {isa = PBXFileReference; lastKnownFileType = sourcecode.swift; path = CustomStyles.swift; sourceTree = "<group>"; };
		887367B82AE1CF6A00408BD5 /* ShieldAction.appex */ = {isa = PBXFileReference; explicitFileType = "wrapper.app-extension"; includeInIndex = 0; path = ShieldAction.appex; sourceTree = BUILT_PRODUCTS_DIR; };
		887367B92AE1CF6A00408BD5 /* ManagedSettings.framework */ = {isa = PBXFileReference; lastKnownFileType = wrapper.framework; name = ManagedSettings.framework; path = System/Library/Frameworks/ManagedSettings.framework; sourceTree = SDKROOT; };
		887367BC2AE1CF6A00408BD5 /* ShieldActionExtension.swift */ = {isa = PBXFileReference; lastKnownFileType = sourcecode.swift; path = ShieldActionExtension.swift; sourceTree = "<group>"; };
		887367BE2AE1CF6A00408BD5 /* Info.plist */ = {isa = PBXFileReference; lastKnownFileType = text.plist.xml; path = Info.plist; sourceTree = "<group>"; };
		887367BF2AE1CF6A00408BD5 /* ShieldAction.entitlements */ = {isa = PBXFileReference; lastKnownFileType = text.plist.entitlements; path = ShieldAction.entitlements; sourceTree = "<group>"; };
		887367CA2AE1CF7700408BD5 /* ShieldConfiguration.appex */ = {isa = PBXFileReference; explicitFileType = "wrapper.app-extension"; includeInIndex = 0; path = ShieldConfiguration.appex; sourceTree = BUILT_PRODUCTS_DIR; };
		887367CC2AE1CF7700408BD5 /* ManagedSettingsUI.framework */ = {isa = PBXFileReference; lastKnownFileType = wrapper.framework; name = ManagedSettingsUI.framework; path = Library/Frameworks/ManagedSettingsUI.framework; sourceTree = DEVELOPER_DIR; };
		887367CF2AE1CF7700408BD5 /* ShieldConfigurationExtension.swift */ = {isa = PBXFileReference; lastKnownFileType = sourcecode.swift; path = ShieldConfigurationExtension.swift; sourceTree = "<group>"; };
		887367D12AE1CF7700408BD5 /* Info.plist */ = {isa = PBXFileReference; lastKnownFileType = text.plist.xml; path = Info.plist; sourceTree = "<group>"; };
		887367D22AE1CF7700408BD5 /* ShieldConfiguration.entitlements */ = {isa = PBXFileReference; lastKnownFileType = text.plist.entitlements; path = ShieldConfiguration.entitlements; sourceTree = "<group>"; };
		887367DA2AE1D68400408BD5 /* DarwinHeader.h */ = {isa = PBXFileReference; lastKnownFileType = sourcecode.c.h; path = DarwinHeader.h; sourceTree = "<group>"; };
		887418172ACC9F1D0042665A /* MiddleModal.swift */ = {isa = PBXFileReference; lastKnownFileType = sourcecode.swift; path = MiddleModal.swift; sourceTree = "<group>"; };
		8874181D2ACCA5D40042665A /* confetti.json */ = {isa = PBXFileReference; fileEncoding = 4; lastKnownFileType = text.json; path = confetti.json; sourceTree = "<group>"; };
		8880A9422AA16F19006AD7C8 /* UIDevice+Extensions.swift */ = {isa = PBXFileReference; lastKnownFileType = sourcecode.swift; path = "UIDevice+Extensions.swift"; sourceTree = "<group>"; };
		888903E32A9EC89E00F4FADA /* Colors.xcassets */ = {isa = PBXFileReference; lastKnownFileType = folder.assetcatalog; path = Colors.xcassets; sourceTree = "<group>"; };
		888903E52A9EC8AE00F4FADA /* Images.xcassets */ = {isa = PBXFileReference; lastKnownFileType = folder.assetcatalog; path = Images.xcassets; sourceTree = "<group>"; };
		889492B72AE60B1000630CBF /* RulesViewModel.swift */ = {isa = PBXFileReference; lastKnownFileType = sourcecode.swift; path = RulesViewModel.swift; sourceTree = "<group>"; };
		889492B92AE6C61100630CBF /* TypeExtensions.swift */ = {isa = PBXFileReference; lastKnownFileType = sourcecode.swift; path = TypeExtensions.swift; sourceTree = "<group>"; };
		889492BF2AE9613600630CBF /* HaloWidgetExtension.appex */ = {isa = PBXFileReference; explicitFileType = "wrapper.app-extension"; includeInIndex = 0; path = HaloWidgetExtension.appex; sourceTree = BUILT_PRODUCTS_DIR; };
		889492C02AE9613600630CBF /* WidgetKit.framework */ = {isa = PBXFileReference; lastKnownFileType = wrapper.framework; name = WidgetKit.framework; path = System/Library/Frameworks/WidgetKit.framework; sourceTree = SDKROOT; };
		889492C22AE9613600630CBF /* SwiftUI.framework */ = {isa = PBXFileReference; lastKnownFileType = wrapper.framework; name = SwiftUI.framework; path = System/Library/Frameworks/SwiftUI.framework; sourceTree = SDKROOT; };
		889492C52AE9613600630CBF /* HaloWidgetBundle.swift */ = {isa = PBXFileReference; lastKnownFileType = sourcecode.swift; path = HaloWidgetBundle.swift; sourceTree = "<group>"; };
		889492C72AE9613600630CBF /* HaloWidgetLiveActivity.swift */ = {isa = PBXFileReference; lastKnownFileType = sourcecode.swift; path = HaloWidgetLiveActivity.swift; sourceTree = "<group>"; };
		889492C92AE9613600630CBF /* HaloWidget.swift */ = {isa = PBXFileReference; lastKnownFileType = sourcecode.swift; path = HaloWidget.swift; sourceTree = "<group>"; };
		889492CB2AE9613600630CBF /* AppIntent.swift */ = {isa = PBXFileReference; lastKnownFileType = sourcecode.swift; path = AppIntent.swift; sourceTree = "<group>"; };
		889492CD2AE9613900630CBF /* Assets.xcassets */ = {isa = PBXFileReference; lastKnownFileType = folder.assetcatalog; path = Assets.xcassets; sourceTree = "<group>"; };
		889492CF2AE9613900630CBF /* Info.plist */ = {isa = PBXFileReference; lastKnownFileType = text.plist.xml; path = Info.plist; sourceTree = "<group>"; };
		88A12FDC2AE31F5000041ACA /* StatsActivityView.swift */ = {isa = PBXFileReference; lastKnownFileType = sourcecode.swift; path = StatsActivityView.swift; sourceTree = "<group>"; };
		88A12FDE2AE3212800041ACA /* StatsActivityReport.swift */ = {isa = PBXFileReference; lastKnownFileType = sourcecode.swift; path = StatsActivityReport.swift; sourceTree = "<group>"; };
		88A12FE12AE454D400041ACA /* PlusMenu.swift */ = {isa = PBXFileReference; lastKnownFileType = sourcecode.swift; path = PlusMenu.swift; sourceTree = "<group>"; };
		88A12FE32AE45AB100041ACA /* ScheduleModel.swift */ = {isa = PBXFileReference; lastKnownFileType = sourcecode.swift; path = ScheduleModel.swift; sourceTree = "<group>"; };
		88A12FE52AE45ABE00041ACA /* LimitModel.swift */ = {isa = PBXFileReference; lastKnownFileType = sourcecode.swift; path = LimitModel.swift; sourceTree = "<group>"; };
		88A5AC1D2A9FC152007263DA /* Colors+Generated.swift */ = {isa = PBXFileReference; fileEncoding = 4; lastKnownFileType = sourcecode.swift; path = "Colors+Generated.swift"; sourceTree = "<group>"; };
		88A5AC1E2A9FC152007263DA /* Fonts+Generated.swift */ = {isa = PBXFileReference; fileEncoding = 4; lastKnownFileType = sourcecode.swift; path = "Fonts+Generated.swift"; sourceTree = "<group>"; };
		88A5AC1F2A9FC152007263DA /* Images+Generated.swift */ = {isa = PBXFileReference; fileEncoding = 4; lastKnownFileType = sourcecode.swift; path = "Images+Generated.swift"; sourceTree = "<group>"; };
		88A5AC232A9FC641007263DA /* Info.plist */ = {isa = PBXFileReference; lastKnownFileType = text.plist; path = Info.plist; sourceTree = "<group>"; };
		88A5AC292A9FDDBC007263DA /* ShadowViewModifier.swift */ = {isa = PBXFileReference; lastKnownFileType = sourcecode.swift; path = ShadowViewModifier.swift; sourceTree = "<group>"; };
		88A5AC2F2A9FE095007263DA /* AuthviewModel.swift */ = {isa = PBXFileReference; lastKnownFileType = sourcecode.swift; path = AuthviewModel.swift; sourceTree = "<group>"; };
		88A5AC322A9FE0D5007263DA /* Auth.swift */ = {isa = PBXFileReference; lastKnownFileType = sourcecode.swift; path = Auth.swift; sourceTree = "<group>"; };
		88A5AC372A9FE26B007263DA /* MainViewModel.swift */ = {isa = PBXFileReference; lastKnownFileType = sourcecode.swift; path = MainViewModel.swift; sourceTree = "<group>"; };
		88A5AC392A9FE54A007263DA /* HomeViewModel.swift */ = {isa = PBXFileReference; lastKnownFileType = sourcecode.swift; path = HomeViewModel.swift; sourceTree = "<group>"; };
		88A5AC3B2A9FE644007263DA /* HomeScreen.swift */ = {isa = PBXFileReference; lastKnownFileType = sourcecode.swift; path = HomeScreen.swift; sourceTree = "<group>"; };
		88A5AC3D2A9FE8A8007263DA /* Constants.swift */ = {isa = PBXFileReference; lastKnownFileType = sourcecode.swift; path = Constants.swift; sourceTree = "<group>"; };
		88A5AC3F2A9FEFC3007263DA /* Prompt-MediumItalic.ttf */ = {isa = PBXFileReference; lastKnownFileType = file; path = "Prompt-MediumItalic.ttf"; sourceTree = "<group>"; };
		88A5AC402A9FEFC4007263DA /* Prompt-Medium.ttf */ = {isa = PBXFileReference; lastKnownFileType = file; path = "Prompt-Medium.ttf"; sourceTree = "<group>"; };
		88A5AC452A9FEFDC007263DA /* Prompt-ExtraBold.ttf */ = {isa = PBXFileReference; lastKnownFileType = file; path = "Prompt-ExtraBold.ttf"; sourceTree = "<group>"; };
		88A5AC462A9FEFDD007263DA /* Prompt-ExtraBoldItalic.ttf */ = {isa = PBXFileReference; lastKnownFileType = file; path = "Prompt-ExtraBoldItalic.ttf"; sourceTree = "<group>"; };
		88A5AC492A9FEFE9007263DA /* Prompt-BoldItalic.ttf */ = {isa = PBXFileReference; lastKnownFileType = file; path = "Prompt-BoldItalic.ttf"; sourceTree = "<group>"; };
		88A5AC4B2A9FF010007263DA /* Prompt-Italic.ttf */ = {isa = PBXFileReference; lastKnownFileType = file; path = "Prompt-Italic.ttf"; sourceTree = "<group>"; };
		88A5AC4D2AA1311C007263DA /* BoxCard.swift */ = {isa = PBXFileReference; lastKnownFileType = sourcecode.swift; path = BoxCard.swift; sourceTree = "<group>"; };
		88B7732F2AA960B6001D6485 /* AgeScreen.swift */ = {isa = PBXFileReference; lastKnownFileType = sourcecode.swift; path = AgeScreen.swift; sourceTree = "<group>"; };
		88B773312AA96C2E001D6485 /* YearsScreen.swift */ = {isa = PBXFileReference; lastKnownFileType = sourcecode.swift; path = YearsScreen.swift; sourceTree = "<group>"; };
		88B773332AA96E17001D6485 /* GraphScreen.swift */ = {isa = PBXFileReference; lastKnownFileType = sourcecode.swift; path = GraphScreen.swift; sourceTree = "<group>"; };
		88B773352AAE6F37001D6485 /* OnboardingScreen.swift */ = {isa = PBXFileReference; lastKnownFileType = sourcecode.swift; path = OnboardingScreen.swift; sourceTree = "<group>"; };
		88BED16F2AE05B9400FEDA16 /* ConnectScreentime.swift */ = {isa = PBXFileReference; lastKnownFileType = sourcecode.swift; path = ConnectScreentime.swift; sourceTree = "<group>"; };
/* End PBXFileReference section */

/* Begin PBXFrameworksBuildPhase section */
		880028AE2AE06A5B0077265A /* Frameworks */ = {
			isa = PBXFrameworksBuildPhase;
			buildActionMask = 2147483647;
			files = (
				880028B42AE06A5B0077265A /* DeviceActivity.framework in Frameworks */,
			);
			runOnlyForDeploymentPostprocessing = 0;
		};
		880028C42AE06D0F0077265A /* Frameworks */ = {
			isa = PBXFrameworksBuildPhase;
			buildActionMask = 2147483647;
			files = (
			);
			runOnlyForDeploymentPostprocessing = 0;
		};
		8856AE482A9AAB3A008D5403 /* Frameworks */ = {
			isa = PBXFrameworksBuildPhase;
			buildActionMask = 2147483647;
			files = (
				8874181B2ACCA59A0042665A /* Lottie in Frameworks */,
			);
			runOnlyForDeploymentPostprocessing = 0;
		};
		887367B52AE1CF6A00408BD5 /* Frameworks */ = {
			isa = PBXFrameworksBuildPhase;
			buildActionMask = 2147483647;
			files = (
				887367BA2AE1CF6A00408BD5 /* ManagedSettings.framework in Frameworks */,
			);
			runOnlyForDeploymentPostprocessing = 0;
		};
		887367C72AE1CF7700408BD5 /* Frameworks */ = {
			isa = PBXFrameworksBuildPhase;
			buildActionMask = 2147483647;
			files = (
				887367CB2AE1CF7700408BD5 /* ManagedSettings.framework in Frameworks */,
				887367CD2AE1CF7700408BD5 /* ManagedSettingsUI.framework in Frameworks */,
			);
			runOnlyForDeploymentPostprocessing = 0;
		};
		889492BC2AE9613600630CBF /* Frameworks */ = {
			isa = PBXFrameworksBuildPhase;
			buildActionMask = 2147483647;
			files = (
				889492C32AE9613600630CBF /* SwiftUI.framework in Frameworks */,
				889492C12AE9613600630CBF /* WidgetKit.framework in Frameworks */,
			);
			runOnlyForDeploymentPostprocessing = 0;
		};
/* End PBXFrameworksBuildPhase section */

/* Begin PBXGroup section */
		880028B22AE06A5B0077265A /* Frameworks */ = {
			isa = PBXGroup;
			children = (
				880028B32AE06A5B0077265A /* DeviceActivity.framework */,
				887367B92AE1CF6A00408BD5 /* ManagedSettings.framework */,
				887367CC2AE1CF7700408BD5 /* ManagedSettingsUI.framework */,
				889492C02AE9613600630CBF /* WidgetKit.framework */,
				889492C22AE9613600630CBF /* SwiftUI.framework */,
			);
			name = Frameworks;
			sourceTree = "<group>";
		};
		880028B52AE06A5B0077265A /* DeviceActivityMonitor */ = {
			isa = PBXGroup;
			children = (
				880028B62AE06A5B0077265A /* DeviceActivityMonitorExtension.swift */,
				880028B82AE06A5B0077265A /* Info.plist */,
				880028B92AE06A5B0077265A /* DeviceActivityMonitor.entitlements */,
			);
			path = DeviceActivityMonitor;
			sourceTree = "<group>";
		};
		880028C82AE06D0F0077265A /* Report */ = {
			isa = PBXGroup;
			children = (
				880028C92AE06D0F0077265A /* Report.swift */,
				880028CB2AE06D0F0077265A /* TotalActivityReport.swift */,
				88A12FDE2AE3212800041ACA /* StatsActivityReport.swift */,
				880028CD2AE06D0F0077265A /* TotalActivityView.swift */,
				880028CF2AE06D0F0077265A /* Info.plist */,
				880028D02AE06D0F0077265A /* Report.entitlements */,
				880028D72AE0B1C50077265A /* AppDeviceActivity.swift */,
				88A12FDC2AE31F5000041ACA /* StatsActivityView.swift */,
			);
			path = Report;
			sourceTree = "<group>";
		};
		882EF0782ACCB40700B3B2CE /* Shop */ = {
			isa = PBXGroup;
			children = (
				882EF0792ACCB42F00B3B2CE /* ShopScreen.swift */,
			);
			path = Shop;
			sourceTree = "<group>";
		};
		8856AE422A9AAB3A008D5403 = {
			isa = PBXGroup;
			children = (
				8856AE4D2A9AAB3A008D5403 /* Halo */,
				880028B52AE06A5B0077265A /* DeviceActivityMonitor */,
				880028C82AE06D0F0077265A /* Report */,
				887367BB2AE1CF6A00408BD5 /* ShieldAction */,
				887367CE2AE1CF7700408BD5 /* ShieldConfiguration */,
				889492C42AE9613600630CBF /* HaloWidget */,
				880028B22AE06A5B0077265A /* Frameworks */,
				8856AE4C2A9AAB3A008D5403 /* Products */,
			);
			sourceTree = "<group>";
		};
		8856AE4C2A9AAB3A008D5403 /* Products */ = {
			isa = PBXGroup;
			children = (
				8856AE4B2A9AAB3A008D5403 /* Halo.app */,
				880028B12AE06A5B0077265A /* DeviceActivityMonitor.appex */,
				880028C72AE06D0F0077265A /* Report.appex */,
				887367B82AE1CF6A00408BD5 /* ShieldAction.appex */,
				887367CA2AE1CF7700408BD5 /* ShieldConfiguration.appex */,
				889492BF2AE9613600630CBF /* HaloWidgetExtension.appex */,
			);
			name = Products;
			sourceTree = "<group>";
		};
		8856AE4D2A9AAB3A008D5403 /* Halo */ = {
			isa = PBXGroup;
			children = (
				88A5AC2E2A9FE07A007263DA /* Models */,
				88A5AC2D2A9FE074007263DA /* ViewModels */,
				88A5AC2C2A9FE070007263DA /* Views */,
				88A5AC3B2A9FE644007263DA /* HomeScreen.swift */,
				88A5AC242A9FDD20007263DA /* Helpers */,
				88A5AC232A9FC641007263DA /* Info.plist */,
				888903E22A9EC76E00F4FADA /* Resources */,
				8856AE4E2A9AAB3A008D5403 /* HaloApp.swift */,
				8856AE502A9AAB3A008D5403 /* MainView.swift */,
				8856AE522A9AAB3D008D5403 /* Assets.xcassets */,
				8856AE542A9AAB3D008D5403 /* Halo.entitlements */,
				8856AE552A9AAB3D008D5403 /* Preview Content */,
				8801716B2AE4A5320066CF75 /* AppDelegate.swift */,
			);
			path = Halo;
			sourceTree = "<group>";
		};
		8856AE552A9AAB3D008D5403 /* Preview Content */ = {
			isa = PBXGroup;
			children = (
				8856AE562A9AAB3D008D5403 /* Preview Assets.xcassets */,
			);
			path = "Preview Content";
			sourceTree = "<group>";
		};
		8868D24D2AD1E23900BD32ED /* Rules */ = {
			isa = PBXGroup;
			children = (
				8868D24B2AD1E23200BD32ED /* RulesScreen.swift */,
				8868D2502AD1EDD700BD32ED /* AppScheduleModal.swift */,
				8868D2522AD1EE5300BD32ED /* AppLimitsModal.swift */,
			);
			path = Rules;
			sourceTree = "<group>";
		};
		887367BB2AE1CF6A00408BD5 /* ShieldAction */ = {
			isa = PBXGroup;
			children = (
				887367DA2AE1D68400408BD5 /* DarwinHeader.h */,
				887367BC2AE1CF6A00408BD5 /* ShieldActionExtension.swift */,
				887367BE2AE1CF6A00408BD5 /* Info.plist */,
				887367BF2AE1CF6A00408BD5 /* ShieldAction.entitlements */,
			);
			path = ShieldAction;
			sourceTree = "<group>";
		};
		887367CE2AE1CF7700408BD5 /* ShieldConfiguration */ = {
			isa = PBXGroup;
			children = (
				887367CF2AE1CF7700408BD5 /* ShieldConfigurationExtension.swift */,
				887367D12AE1CF7700408BD5 /* Info.plist */,
				887367D22AE1CF7700408BD5 /* ShieldConfiguration.entitlements */,
			);
			path = ShieldConfiguration;
			sourceTree = "<group>";
		};
		8874181C2ACCA5CB0042665A /* Animations */ = {
			isa = PBXGroup;
			children = (
				8874181D2ACCA5D40042665A /* confetti.json */,
				8874181F2ACCA5DE0042665A /* New Group */,
			);
			path = Animations;
			sourceTree = "<group>";
		};
		8874181F2ACCA5DE0042665A /* New Group */ = {
			isa = PBXGroup;
			children = (
			);
			path = "New Group";
			sourceTree = "<group>";
		};
		888903E22A9EC76E00F4FADA /* Resources */ = {
			isa = PBXGroup;
			children = (
				8874181C2ACCA5CB0042665A /* Animations */,
				888903E82A9EC92700F4FADA /* Generated */,
				888903E72A9EC90000F4FADA /* Fonts */,
				888903E32A9EC89E00F4FADA /* Colors.xcassets */,
				888903E52A9EC8AE00F4FADA /* Images.xcassets */,
			);
			path = Resources;
			sourceTree = "<group>";
		};
		888903E72A9EC90000F4FADA /* Fonts */ = {
			isa = PBXGroup;
			children = (
				881DD9912AA181EA006B3DBB /* Prompt-SemiBold.ttf */,
				881DD9922AA181EA006B3DBB /* Prompt-SemiBoldItalic.ttf */,
				88A5AC452A9FEFDC007263DA /* Prompt-ExtraBold.ttf */,
				88A5AC462A9FEFDD007263DA /* Prompt-ExtraBoldItalic.ttf */,
				88A5AC4B2A9FF010007263DA /* Prompt-Italic.ttf */,
				88A5AC492A9FEFE9007263DA /* Prompt-BoldItalic.ttf */,
				88A5AC402A9FEFC4007263DA /* Prompt-Medium.ttf */,
				88A5AC3F2A9FEFC3007263DA /* Prompt-MediumItalic.ttf */,
				886291C82A9ECD2E008E13F3 /* Prompt-Bold.ttf */,
				886291C72A9ECD0C008E13F3 /* Prompt-Regular.ttf */,
			);
			path = Fonts;
			sourceTree = "<group>";
		};
		888903E82A9EC92700F4FADA /* Generated */ = {
			isa = PBXGroup;
			children = (
				88A5AC1D2A9FC152007263DA /* Colors+Generated.swift */,
				88A5AC1E2A9FC152007263DA /* Fonts+Generated.swift */,
				88A5AC1F2A9FC152007263DA /* Images+Generated.swift */,
			);
			path = Generated;
			sourceTree = "<group>";
		};
		889492C42AE9613600630CBF /* HaloWidget */ = {
			isa = PBXGroup;
			children = (
				889492C52AE9613600630CBF /* HaloWidgetBundle.swift */,
				889492C72AE9613600630CBF /* HaloWidgetLiveActivity.swift */,
				889492C92AE9613600630CBF /* HaloWidget.swift */,
				889492CB2AE9613600630CBF /* AppIntent.swift */,
				889492CD2AE9613900630CBF /* Assets.xcassets */,
				889492CF2AE9613900630CBF /* Info.plist */,
			);
			path = HaloWidget;
			sourceTree = "<group>";
		};
		88A5AC242A9FDD20007263DA /* Helpers */ = {
			isa = PBXGroup;
			children = (
				88A5AC282A9FDD88007263DA /* ViewModifiers */,
				88A5AC252A9FDD2B007263DA /* Extensions */,
				88A5AC3D2A9FE8A8007263DA /* Constants.swift */,
				8831CF042AE98E6200ADF9BA /* NotificationHelper.swift */,
			);
			path = Helpers;
			sourceTree = "<group>";
		};
		88A5AC252A9FDD2B007263DA /* Extensions */ = {
			isa = PBXGroup;
			children = (
				8880A9422AA16F19006AD7C8 /* UIDevice+Extensions.swift */,
				889492B92AE6C61100630CBF /* TypeExtensions.swift */,
			);
			path = Extensions;
			sourceTree = "<group>";
		};
		88A5AC282A9FDD88007263DA /* ViewModifiers */ = {
			isa = PBXGroup;
			children = (
				88A5AC292A9FDDBC007263DA /* ShadowViewModifier.swift */,
				8868D2542AD1F5F200BD32ED /* CustomStyles.swift */,
			);
			path = ViewModifiers;
			sourceTree = "<group>";
		};
		88A5AC2C2A9FE070007263DA /* Views */ = {
			isa = PBXGroup;
			children = (
				8868D24D2AD1E23900BD32ED /* Rules */,
				882EF0782ACCB40700B3B2CE /* Shop */,
				88A5AC352A9FE172007263DA /* SharedViews */,
				88A5AC342A9FE0D8007263DA /* Onboarding */,
				88A5AC322A9FE0D5007263DA /* Auth.swift */,
			);
			path = Views;
			sourceTree = "<group>";
		};
		88A5AC2D2A9FE074007263DA /* ViewModels */ = {
			isa = PBXGroup;
			children = (
				88A5AC2F2A9FE095007263DA /* AuthviewModel.swift */,
				880028C12AE06B490077265A /* FamilyViewModel.swift */,
				88A5AC372A9FE26B007263DA /* MainViewModel.swift */,
				88A5AC392A9FE54A007263DA /* HomeViewModel.swift */,
				889492B72AE60B1000630CBF /* RulesViewModel.swift */,
			);
			path = ViewModels;
			sourceTree = "<group>";
		};
		88A5AC2E2A9FE07A007263DA /* Models */ = {
			isa = PBXGroup;
			children = (
				880171692AE49EE80066CF75 /* UserModel.swift */,
				88A12FE32AE45AB100041ACA /* ScheduleModel.swift */,
				88A12FE52AE45ABE00041ACA /* LimitModel.swift */,
			);
			path = Models;
			sourceTree = "<group>";
		};
		88A5AC342A9FE0D8007263DA /* Onboarding */ = {
			isa = PBXGroup;
			children = (
				8858F6812ABFF2D6001FAFF9 /* OnboardingCarouselScreen.swift */,
				882213442AA3E58500F59F11 /* AverageScreentime.swift */,
				88B7732F2AA960B6001D6485 /* AgeScreen.swift */,
				88B773312AA96C2E001D6485 /* YearsScreen.swift */,
				88B773332AA96E17001D6485 /* GraphScreen.swift */,
				88B773352AAE6F37001D6485 /* OnboardingScreen.swift */,
				88BED16F2AE05B9400FEDA16 /* ConnectScreentime.swift */,
			);
			path = Onboarding;
			sourceTree = "<group>";
		};
		88A5AC352A9FE172007263DA /* SharedViews */ = {
			isa = PBXGroup;
			children = (
				88A5AC4D2AA1311C007263DA /* BoxCard.swift */,
				881DD9952AA39E78006B3DBB /* TabBar.swift */,
				881DD9972AA3AD0C006B3DBB /* FocusModal.swift */,
				881DD9992AA3B123006B3DBB /* BlueArrow.swift */,
				882213402AA3C7ED00F59F11 /* PrimaryButton.swift */,
				882213422AA3CF6800F59F11 /* OptionButton.swift */,
				887418172ACC9F1D0042665A /* MiddleModal.swift */,
				882EF0762ACCB18900B3B2CE /* LottieView.swift */,
				880BB3822AD0ADF7004307B2 /* DifficultyModal.swift */,
				8868D24E2AD1E30E00BD32ED /* TwoOptionMenu.swift */,
				880029362AE1C63F0077265A /* UnlockModal.swift */,
				88A12FE12AE454D400041ACA /* PlusMenu.swift */,
				8831CF022AE97E0500ADF9BA /* ScheduleSuccess.swift */,
			);
			path = SharedViews;
			sourceTree = "<group>";
		};
/* End PBXGroup section */

/* Begin PBXNativeTarget section */
		880028B02AE06A5B0077265A /* DeviceActivityMonitor */ = {
			isa = PBXNativeTarget;
			buildConfigurationList = 880028C02AE06A5B0077265A /* Build configuration list for PBXNativeTarget "DeviceActivityMonitor" */;
			buildPhases = (
				880028AD2AE06A5B0077265A /* Sources */,
				880028AE2AE06A5B0077265A /* Frameworks */,
				880028AF2AE06A5B0077265A /* Resources */,
			);
			buildRules = (
			);
			dependencies = (
			);
			name = DeviceActivityMonitor;
			productName = DeviceActivityMonitor;
			productReference = 880028B12AE06A5B0077265A /* DeviceActivityMonitor.appex */;
			productType = "com.apple.product-type.app-extension";
		};
		880028C62AE06D0F0077265A /* Report */ = {
			isa = PBXNativeTarget;
			buildConfigurationList = 880028D42AE06D0F0077265A /* Build configuration list for PBXNativeTarget "Report" */;
			buildPhases = (
				880028C32AE06D0F0077265A /* Sources */,
				880028C42AE06D0F0077265A /* Frameworks */,
				880028C52AE06D0F0077265A /* Resources */,
			);
			buildRules = (
			);
			dependencies = (
			);
			name = Report;
			productName = Report;
			productReference = 880028C72AE06D0F0077265A /* Report.appex */;
			productType = "com.apple.product-type.extensionkit-extension";
		};
		8856AE4A2A9AAB3A008D5403 /* Halo */ = {
			isa = PBXNativeTarget;
			buildConfigurationList = 8856AE5A2A9AAB3D008D5403 /* Build configuration list for PBXNativeTarget "Halo" */;
			buildPhases = (
				8856AE472A9AAB3A008D5403 /* Sources */,
				8856AE482A9AAB3A008D5403 /* Frameworks */,
				8856AE492A9AAB3A008D5403 /* Resources */,
				888903E12A9EC5C600F4FADA /* SwiftGen */,
				88BED1692AE03EBF00FEDA16 /* Embed ExtensionKit Extensions */,
				880028BD2AE06A5B0077265A /* Embed Foundation Extensions */,
			);
			buildRules = (
			);
			dependencies = (
				880028BB2AE06A5B0077265A /* PBXTargetDependency */,
				880028D22AE06D0F0077265A /* PBXTargetDependency */,
				887367C12AE1CF6A00408BD5 /* PBXTargetDependency */,
				887367D42AE1CF7700408BD5 /* PBXTargetDependency */,
				889492D12AE9613900630CBF /* PBXTargetDependency */,
			);
			name = Halo;
			packageProductDependencies = (
				8874181A2ACCA59A0042665A /* Lottie */,
			);
			productName = Halo;
			productReference = 8856AE4B2A9AAB3A008D5403 /* Halo.app */;
			productType = "com.apple.product-type.application";
		};
		887367B72AE1CF6A00408BD5 /* ShieldAction */ = {
			isa = PBXNativeTarget;
			buildConfigurationList = 887367C52AE1CF6A00408BD5 /* Build configuration list for PBXNativeTarget "ShieldAction" */;
			buildPhases = (
				887367B42AE1CF6A00408BD5 /* Sources */,
				887367B52AE1CF6A00408BD5 /* Frameworks */,
				887367B62AE1CF6A00408BD5 /* Resources */,
			);
			buildRules = (
			);
			dependencies = (
			);
			name = ShieldAction;
			productName = ShieldAction;
			productReference = 887367B82AE1CF6A00408BD5 /* ShieldAction.appex */;
			productType = "com.apple.product-type.app-extension";
		};
		887367C92AE1CF7700408BD5 /* ShieldConfiguration */ = {
			isa = PBXNativeTarget;
			buildConfigurationList = 887367D62AE1CF7700408BD5 /* Build configuration list for PBXNativeTarget "ShieldConfiguration" */;
			buildPhases = (
				887367C62AE1CF7700408BD5 /* Sources */,
				887367C72AE1CF7700408BD5 /* Frameworks */,
				887367C82AE1CF7700408BD5 /* Resources */,
			);
			buildRules = (
			);
			dependencies = (
			);
			name = ShieldConfiguration;
			productName = ShieldConfiguration;
			productReference = 887367CA2AE1CF7700408BD5 /* ShieldConfiguration.appex */;
			productType = "com.apple.product-type.app-extension";
		};
		889492BE2AE9613600630CBF /* HaloWidgetExtension */ = {
			isa = PBXNativeTarget;
			buildConfigurationList = 889492D32AE9613900630CBF /* Build configuration list for PBXNativeTarget "HaloWidgetExtension" */;
			buildPhases = (
				889492BB2AE9613600630CBF /* Sources */,
				889492BC2AE9613600630CBF /* Frameworks */,
				889492BD2AE9613600630CBF /* Resources */,
			);
			buildRules = (
			);
			dependencies = (
			);
			name = HaloWidgetExtension;
			productName = HaloWidgetExtension;
			productReference = 889492BF2AE9613600630CBF /* HaloWidgetExtension.appex */;
			productType = "com.apple.product-type.app-extension";
		};
/* End PBXNativeTarget section */

/* Begin PBXProject section */
		8856AE432A9AAB3A008D5403 /* Project object */ = {
			isa = PBXProject;
			attributes = {
				BuildIndependentTargetsInParallel = 1;
				LastSwiftUpdateCheck = 1500;
				LastUpgradeCheck = 1410;
				TargetAttributes = {
					880028B02AE06A5B0077265A = {
						CreatedOnToolsVersion = 15.0;
					};
					880028C62AE06D0F0077265A = {
						CreatedOnToolsVersion = 15.0;
					};
					8856AE4A2A9AAB3A008D5403 = {
						CreatedOnToolsVersion = 14.1;
					};
					887367B72AE1CF6A00408BD5 = {
						CreatedOnToolsVersion = 15.0;
					};
					887367C92AE1CF7700408BD5 = {
						CreatedOnToolsVersion = 15.0;
					};
					889492BE2AE9613600630CBF = {
						CreatedOnToolsVersion = 15.0;
					};
				};
			};
			buildConfigurationList = 8856AE462A9AAB3A008D5403 /* Build configuration list for PBXProject "Halo" */;
			compatibilityVersion = "Xcode 14.0";
			developmentRegion = en;
			hasScannedForEncodings = 0;
			knownRegions = (
				en,
				Base,
			);
			mainGroup = 8856AE422A9AAB3A008D5403;
			packageReferences = (
				887418192ACCA59A0042665A /* XCRemoteSwiftPackageReference "lottie-ios" */,
			);
			productRefGroup = 8856AE4C2A9AAB3A008D5403 /* Products */;
			projectDirPath = "";
			projectRoot = "";
			targets = (
				8856AE4A2A9AAB3A008D5403 /* Halo */,
				880028B02AE06A5B0077265A /* DeviceActivityMonitor */,
				880028C62AE06D0F0077265A /* Report */,
				887367B72AE1CF6A00408BD5 /* ShieldAction */,
				887367C92AE1CF7700408BD5 /* ShieldConfiguration */,
				889492BE2AE9613600630CBF /* HaloWidgetExtension */,
			);
		};
/* End PBXProject section */

/* Begin PBXResourcesBuildPhase section */
		880028AF2AE06A5B0077265A /* Resources */ = {
			isa = PBXResourcesBuildPhase;
			buildActionMask = 2147483647;
			files = (
			);
			runOnlyForDeploymentPostprocessing = 0;
		};
		880028C52AE06D0F0077265A /* Resources */ = {
			isa = PBXResourcesBuildPhase;
			buildActionMask = 2147483647;
			files = (
				8831CF212AEAD95F00ADF9BA /* Prompt-BoldItalic.ttf in Resources */,
				8831CF1D2AEAD95A00ADF9BA /* Prompt-Italic.ttf in Resources */,
				8831CF192AEAD95500ADF9BA /* Prompt-ExtraBoldItalic.ttf in Resources */,
				8831CF2D2AEAD97300ADF9BA /* Prompt-Bold.ttf in Resources */,
				8831CF0F2AEAD93B00ADF9BA /* Prompt-ExtraBold.ttf in Resources */,
				8831CF082AEAD8E300ADF9BA /* Colors.xcassets in Resources */,
				8831CF332AEAD97B00ADF9BA /* Prompt-Regular.ttf in Resources */,
				8831CF252AEAD96900ADF9BA /* Prompt-Medium.ttf in Resources */,
				8831CF292AEAD96E00ADF9BA /* Prompt-MediumItalic.ttf in Resources */,
				8831CF0D2AEAD93300ADF9BA /* Prompt-SemiBold.ttf in Resources */,
				8831CF0E2AEAD93800ADF9BA /* Prompt-SemiBoldItalic.ttf in Resources */,
			);
			runOnlyForDeploymentPostprocessing = 0;
		};
		8856AE492A9AAB3A008D5403 /* Resources */ = {
			isa = PBXResourcesBuildPhase;
			buildActionMask = 2147483647;
			files = (
				881DD9942AA181EA006B3DBB /* Prompt-SemiBoldItalic.ttf in Resources */,
				888903E62A9EC8AE00F4FADA /* Images.xcassets in Resources */,
				88A5AC422A9FEFC4007263DA /* Prompt-Medium.ttf in Resources */,
				88A5AC482A9FEFDD007263DA /* Prompt-ExtraBoldItalic.ttf in Resources */,
				888903E42A9EC89E00F4FADA /* Colors.xcassets in Resources */,
				8856AE572A9AAB3D008D5403 /* Preview Assets.xcassets in Resources */,
				88A5AC4A2A9FEFE9007263DA /* Prompt-BoldItalic.ttf in Resources */,
				88A5AC4C2A9FF010007263DA /* Prompt-Italic.ttf in Resources */,
				88A5AC472A9FEFDD007263DA /* Prompt-ExtraBold.ttf in Resources */,
				88A5AC412A9FEFC4007263DA /* Prompt-MediumItalic.ttf in Resources */,
				881DD9932AA181EA006B3DBB /* Prompt-SemiBold.ttf in Resources */,
				886291C92A9ECD2F008E13F3 /* Prompt-Bold.ttf in Resources */,
				8831CF322AEAD97A00ADF9BA /* Prompt-Regular.ttf in Resources */,
				8874181E2ACCA5D40042665A /* confetti.json in Resources */,
				8856AE532A9AAB3D008D5403 /* Assets.xcassets in Resources */,
			);
			runOnlyForDeploymentPostprocessing = 0;
		};
		887367B62AE1CF6A00408BD5 /* Resources */ = {
			isa = PBXResourcesBuildPhase;
			buildActionMask = 2147483647;
			files = (
				8831CF1E2AEAD95B00ADF9BA /* Prompt-Italic.ttf in Resources */,
				8831CF2A2AEAD96E00ADF9BA /* Prompt-MediumItalic.ttf in Resources */,
				8831CF262AEAD96A00ADF9BA /* Prompt-Medium.ttf in Resources */,
				8831CF222AEAD95F00ADF9BA /* Prompt-BoldItalic.ttf in Resources */,
				8831CF1A2AEAD95600ADF9BA /* Prompt-ExtraBoldItalic.ttf in Resources */,
				8831CF102AEAD93F00ADF9BA /* Prompt-ExtraBold.ttf in Resources */,
				8831CF132AEAD94800ADF9BA /* Prompt-SemiBold.ttf in Resources */,
				8831CF342AEAD97B00ADF9BA /* Prompt-Regular.ttf in Resources */,
				8831CF162AEAD94F00ADF9BA /* Prompt-SemiBoldItalic.ttf in Resources */,
				8831CF2E2AEAD97300ADF9BA /* Prompt-Bold.ttf in Resources */,
			);
			runOnlyForDeploymentPostprocessing = 0;
		};
		887367C82AE1CF7700408BD5 /* Resources */ = {
			isa = PBXResourcesBuildPhase;
			buildActionMask = 2147483647;
			files = (
				8831CF232AEAD96000ADF9BA /* Prompt-BoldItalic.ttf in Resources */,
				8831CF1F2AEAD95B00ADF9BA /* Prompt-Italic.ttf in Resources */,
				8831CF1B2AEAD95600ADF9BA /* Prompt-ExtraBoldItalic.ttf in Resources */,
				8831CF312AEAD97500ADF9BA /* Prompt-Bold.ttf in Resources */,
				8831CF142AEAD94800ADF9BA /* Prompt-SemiBold.ttf in Resources */,
				8831CF172AEAD95000ADF9BA /* Prompt-SemiBoldItalic.ttf in Resources */,
				8831CF352AEAD97C00ADF9BA /* Prompt-Regular.ttf in Resources */,
				8831CF272AEAD96A00ADF9BA /* Prompt-Medium.ttf in Resources */,
				8831CF2C2AEAD96F00ADF9BA /* Prompt-MediumItalic.ttf in Resources */,
				8831CF112AEAD93F00ADF9BA /* Prompt-ExtraBold.ttf in Resources */,
				887367D92AE1D19600408BD5 /* Images.xcassets in Resources */,
			);
			runOnlyForDeploymentPostprocessing = 0;
		};
		889492BD2AE9613600630CBF /* Resources */ = {
			isa = PBXResourcesBuildPhase;
			buildActionMask = 2147483647;
			files = (
				8831CF242AEAD96000ADF9BA /* Prompt-BoldItalic.ttf in Resources */,
				8831CF202AEAD95B00ADF9BA /* Prompt-Italic.ttf in Resources */,
				8831CF1C2AEAD95600ADF9BA /* Prompt-ExtraBoldItalic.ttf in Resources */,
				8831CF302AEAD97500ADF9BA /* Prompt-Bold.ttf in Resources */,
				8831CF152AEAD94900ADF9BA /* Prompt-SemiBold.ttf in Resources */,
				8831CF182AEAD95000ADF9BA /* Prompt-SemiBoldItalic.ttf in Resources */,
				8831CF362AEAD97C00ADF9BA /* Prompt-Regular.ttf in Resources */,
				8831CF282AEAD96A00ADF9BA /* Prompt-Medium.ttf in Resources */,
				8831CF2B2AEAD96F00ADF9BA /* Prompt-MediumItalic.ttf in Resources */,
				8831CF122AEAD94200ADF9BA /* Prompt-ExtraBold.ttf in Resources */,
				889492CE2AE9613900630CBF /* Assets.xcassets in Resources */,
			);
			runOnlyForDeploymentPostprocessing = 0;
		};
/* End PBXResourcesBuildPhase section */

/* Begin PBXShellScriptBuildPhase section */
		888903E12A9EC5C600F4FADA /* SwiftGen */ = {
			isa = PBXShellScriptBuildPhase;
			alwaysOutOfDate = 1;
			buildActionMask = 2147483647;
			files = (
			);
			inputFileListPaths = (
			);
			inputPaths = (
			);
			name = SwiftGen;
			outputFileListPaths = (
			);
			outputPaths = (
			);
			runOnlyForDeploymentPostprocessing = 0;
			shellPath = /bin/sh;
			shellScript = "./tools/swiftgen/swiftgen\n";
		};
/* End PBXShellScriptBuildPhase section */

/* Begin PBXSourcesBuildPhase section */
		880028AD2AE06A5B0077265A /* Sources */ = {
			isa = PBXSourcesBuildPhase;
			buildActionMask = 2147483647;
			files = (
				880028B72AE06A5B0077265A /* DeviceActivityMonitorExtension.swift in Sources */,
			);
			runOnlyForDeploymentPostprocessing = 0;
		};
		880028C32AE06D0F0077265A /* Sources */ = {
			isa = PBXSourcesBuildPhase;
			buildActionMask = 2147483647;
			files = (
				8831CF0C2AEAD92D00ADF9BA /* Fonts+Generated.swift in Sources */,
				8831CF372AEAD99E00ADF9BA /* ShadowViewModifier.swift in Sources */,
				88A12FDD2AE31F5000041ACA /* StatsActivityView.swift in Sources */,
				880028D82AE0B1C50077265A /* AppDeviceActivity.swift in Sources */,
				880028DE2AE16ACD0077265A /* TotalActivityReport.swift in Sources */,
				8831CF072AEAD8D300ADF9BA /* BoxCard.swift in Sources */,
				880028CE2AE06D0F0077265A /* TotalActivityView.swift in Sources */,
				8831CF062AEAD8BF00ADF9BA /* Constants.swift in Sources */,
				88A12FDF2AE3212800041ACA /* StatsActivityReport.swift in Sources */,
				880028DC2AE16A110077265A /* Report.swift in Sources */,
				8831CF092AEAD8F000ADF9BA /* Colors+Generated.swift in Sources */,
				8831CF0A2AEAD8FF00ADF9BA /* BlueArrow.swift in Sources */,
			);
			runOnlyForDeploymentPostprocessing = 0;
		};
		8856AE472A9AAB3A008D5403 /* Sources */ = {
			isa = PBXSourcesBuildPhase;
			buildActionMask = 2147483647;
			files = (
				882EF07A2ACCB42F00B3B2CE /* ShopScreen.swift in Sources */,
				88A5AC212A9FC152007263DA /* Fonts+Generated.swift in Sources */,
				88B773302AA960B6001D6485 /* AgeScreen.swift in Sources */,
				88A5AC3A2A9FE54A007263DA /* HomeViewModel.swift in Sources */,
				882213412AA3C7ED00F59F11 /* PrimaryButton.swift in Sources */,
				8858F6822ABFF2D6001FAFF9 /* OnboardingCarouselScreen.swift in Sources */,
				8856AE512A9AAB3A008D5403 /* MainView.swift in Sources */,
				88A5AC2A2A9FDDBC007263DA /* ShadowViewModifier.swift in Sources */,
				88B773322AA96C2E001D6485 /* YearsScreen.swift in Sources */,
				889492BA2AE6C61100630CBF /* TypeExtensions.swift in Sources */,
				88A5AC4E2AA1311C007263DA /* BoxCard.swift in Sources */,
				881DD9962AA39E78006B3DBB /* TabBar.swift in Sources */,
				88A12FE42AE45AB100041ACA /* ScheduleModel.swift in Sources */,
				882EF0772ACCB18900B3B2CE /* LottieView.swift in Sources */,
				8868D2532AD1EE5300BD32ED /* AppLimitsModal.swift in Sources */,
				88B773362AAE6F37001D6485 /* OnboardingScreen.swift in Sources */,
				88A5AC302A9FE095007263DA /* AuthviewModel.swift in Sources */,
				88A5AC382A9FE26B007263DA /* MainViewModel.swift in Sources */,
				880BB3832AD0ADF7004307B2 /* DifficultyModal.swift in Sources */,
				8868D24C2AD1E23200BD32ED /* RulesScreen.swift in Sources */,
				8831CF052AE98E6200ADF9BA /* NotificationHelper.swift in Sources */,
				882213432AA3CF6800F59F11 /* OptionButton.swift in Sources */,
				88A5AC3E2A9FE8A8007263DA /* Constants.swift in Sources */,
				8801716A2AE49EE80066CF75 /* UserModel.swift in Sources */,
				88B773342AA96E17001D6485 /* GraphScreen.swift in Sources */,
				882213452AA3E58500F59F11 /* AverageScreentime.swift in Sources */,
				8868D24F2AD1E30E00BD32ED /* TwoOptionMenu.swift in Sources */,
				8856AE4F2A9AAB3A008D5403 /* HaloApp.swift in Sources */,
				881DD9982AA3AD0C006B3DBB /* FocusModal.swift in Sources */,
				880028C22AE06B490077265A /* FamilyViewModel.swift in Sources */,
				88A5AC222A9FC152007263DA /* Images+Generated.swift in Sources */,
				88BED1702AE05B9400FEDA16 /* ConnectScreentime.swift in Sources */,
				8801716C2AE4A5320066CF75 /* AppDelegate.swift in Sources */,
				8831CF032AE97E0500ADF9BA /* ScheduleSuccess.swift in Sources */,
				8868D2552AD1F5F200BD32ED /* CustomStyles.swift in Sources */,
				887418182ACC9F1D0042665A /* MiddleModal.swift in Sources */,
				889492B82AE60B1000630CBF /* RulesViewModel.swift in Sources */,
				8868D2512AD1EDD700BD32ED /* AppScheduleModal.swift in Sources */,
				881DD99A2AA3B123006B3DBB /* BlueArrow.swift in Sources */,
				880029372AE1C63F0077265A /* UnlockModal.swift in Sources */,
				88A5AC202A9FC152007263DA /* Colors+Generated.swift in Sources */,
				8880A9432AA16F19006AD7C8 /* UIDevice+Extensions.swift in Sources */,
				88A5AC3C2A9FE644007263DA /* HomeScreen.swift in Sources */,
				88A5AC332A9FE0D5007263DA /* Auth.swift in Sources */,
				88A12FE62AE45ABE00041ACA /* LimitModel.swift in Sources */,
				88A12FE22AE454D400041ACA /* PlusMenu.swift in Sources */,
			);
			runOnlyForDeploymentPostprocessing = 0;
		};
		887367B42AE1CF6A00408BD5 /* Sources */ = {
			isa = PBXSourcesBuildPhase;
			buildActionMask = 2147483647;
			files = (
				8831CF3B2AEAE69700ADF9BA /* Fonts+Generated.swift in Sources */,
				887367BD2AE1CF6A00408BD5 /* ShieldActionExtension.swift in Sources */,
				8831CF382AEAD99F00ADF9BA /* ShadowViewModifier.swift in Sources */,
			);
			runOnlyForDeploymentPostprocessing = 0;
		};
		887367C62AE1CF7700408BD5 /* Sources */ = {
			isa = PBXSourcesBuildPhase;
			buildActionMask = 2147483647;
			files = (
				8831CF3C2AEAE69700ADF9BA /* Fonts+Generated.swift in Sources */,
				887367D02AE1CF7700408BD5 /* ShieldConfigurationExtension.swift in Sources */,
				8831CF392AEAD99F00ADF9BA /* ShadowViewModifier.swift in Sources */,
			);
			runOnlyForDeploymentPostprocessing = 0;
		};
		889492BB2AE9613600630CBF /* Sources */ = {
			isa = PBXSourcesBuildPhase;
			buildActionMask = 2147483647;
			files = (
				8831CF3D2AEAE69700ADF9BA /* Fonts+Generated.swift in Sources */,
				889492C82AE9613600630CBF /* HaloWidgetLiveActivity.swift in Sources */,
				889492CC2AE9613600630CBF /* AppIntent.swift in Sources */,
				889492C62AE9613600630CBF /* HaloWidgetBundle.swift in Sources */,
				889492CA2AE9613600630CBF /* HaloWidget.swift in Sources */,
				8831CF3A2AEAD99F00ADF9BA /* ShadowViewModifier.swift in Sources */,
			);
			runOnlyForDeploymentPostprocessing = 0;
		};
/* End PBXSourcesBuildPhase section */

/* Begin PBXTargetDependency section */
		880028BB2AE06A5B0077265A /* PBXTargetDependency */ = {
			isa = PBXTargetDependency;
			target = 880028B02AE06A5B0077265A /* DeviceActivityMonitor */;
			targetProxy = 880028BA2AE06A5B0077265A /* PBXContainerItemProxy */;
		};
		880028D22AE06D0F0077265A /* PBXTargetDependency */ = {
			isa = PBXTargetDependency;
			target = 880028C62AE06D0F0077265A /* Report */;
			targetProxy = 880028D12AE06D0F0077265A /* PBXContainerItemProxy */;
		};
		887367C12AE1CF6A00408BD5 /* PBXTargetDependency */ = {
			isa = PBXTargetDependency;
			target = 887367B72AE1CF6A00408BD5 /* ShieldAction */;
			targetProxy = 887367C02AE1CF6A00408BD5 /* PBXContainerItemProxy */;
		};
		887367D42AE1CF7700408BD5 /* PBXTargetDependency */ = {
			isa = PBXTargetDependency;
			target = 887367C92AE1CF7700408BD5 /* ShieldConfiguration */;
			targetProxy = 887367D32AE1CF7700408BD5 /* PBXContainerItemProxy */;
		};
		889492D12AE9613900630CBF /* PBXTargetDependency */ = {
			isa = PBXTargetDependency;
			target = 889492BE2AE9613600630CBF /* HaloWidgetExtension */;
			targetProxy = 889492D02AE9613900630CBF /* PBXContainerItemProxy */;
		};
/* End PBXTargetDependency section */

/* Begin XCBuildConfiguration section */
		880028BE2AE06A5B0077265A /* Debug */ = {
			isa = XCBuildConfiguration;
			buildSettings = {
				ASSETCATALOG_COMPILER_GENERATE_SWIFT_ASSET_SYMBOL_EXTENSIONS = YES;
				CODE_SIGN_ENTITLEMENTS = DeviceActivityMonitor/DeviceActivityMonitor.entitlements;
				CODE_SIGN_STYLE = Automatic;
				CURRENT_PROJECT_VERSION = 1;
				DEVELOPMENT_TEAM = 86SK3K6AM6;
				ENABLE_USER_SCRIPT_SANDBOXING = YES;
				GCC_C_LANGUAGE_STANDARD = gnu17;
				GENERATE_INFOPLIST_FILE = YES;
				INFOPLIST_FILE = DeviceActivityMonitor/Info.plist;
				INFOPLIST_KEY_CFBundleDisplayName = DeviceActivityMonitor;
				INFOPLIST_KEY_NSHumanReadableCopyright = "";
				IPHONEOS_DEPLOYMENT_TARGET = 17.0;
				LD_RUNPATH_SEARCH_PATHS = (
					"$(inherited)",
					"@executable_path/Frameworks",
					"@executable_path/../../Frameworks",
				);
				LOCALIZATION_PREFERS_STRING_CATALOGS = YES;
				MARKETING_VERSION = 1.0;
				PRODUCT_BUNDLE_IDENTIFIER = io.nora.Halo.DeviceActivityMonitor;
				PRODUCT_NAME = "$(TARGET_NAME)";
				SDKROOT = iphoneos;
				SKIP_INSTALL = YES;
				SWIFT_ACTIVE_COMPILATION_CONDITIONS = "DEBUG $(inherited)";
				SWIFT_EMIT_LOC_STRINGS = YES;
				SWIFT_VERSION = 5.0;
				TARGETED_DEVICE_FAMILY = "1,2";
			};
			name = Debug;
		};
		880028BF2AE06A5B0077265A /* Release */ = {
			isa = XCBuildConfiguration;
			buildSettings = {
				ASSETCATALOG_COMPILER_GENERATE_SWIFT_ASSET_SYMBOL_EXTENSIONS = YES;
				CODE_SIGN_ENTITLEMENTS = DeviceActivityMonitor/DeviceActivityMonitor.entitlements;
				CODE_SIGN_STYLE = Automatic;
				CURRENT_PROJECT_VERSION = 1;
				DEVELOPMENT_TEAM = 86SK3K6AM6;
				ENABLE_USER_SCRIPT_SANDBOXING = YES;
				GCC_C_LANGUAGE_STANDARD = gnu17;
				GENERATE_INFOPLIST_FILE = YES;
				INFOPLIST_FILE = DeviceActivityMonitor/Info.plist;
				INFOPLIST_KEY_CFBundleDisplayName = DeviceActivityMonitor;
				INFOPLIST_KEY_NSHumanReadableCopyright = "";
				IPHONEOS_DEPLOYMENT_TARGET = 17.0;
				LD_RUNPATH_SEARCH_PATHS = (
					"$(inherited)",
					"@executable_path/Frameworks",
					"@executable_path/../../Frameworks",
				);
				LOCALIZATION_PREFERS_STRING_CATALOGS = YES;
				MARKETING_VERSION = 1.0;
				PRODUCT_BUNDLE_IDENTIFIER = io.nora.Halo.DeviceActivityMonitor;
				PRODUCT_NAME = "$(TARGET_NAME)";
				SDKROOT = iphoneos;
				SKIP_INSTALL = YES;
				SWIFT_EMIT_LOC_STRINGS = YES;
				SWIFT_VERSION = 5.0;
				TARGETED_DEVICE_FAMILY = "1,2";
				VALIDATE_PRODUCT = YES;
			};
			name = Release;
		};
		880028D52AE06D0F0077265A /* Debug */ = {
			isa = XCBuildConfiguration;
			buildSettings = {
				ASSETCATALOG_COMPILER_GENERATE_SWIFT_ASSET_SYMBOL_EXTENSIONS = YES;
				CODE_SIGN_ENTITLEMENTS = Report/Report.entitlements;
				CODE_SIGN_STYLE = Automatic;
				CURRENT_PROJECT_VERSION = 1;
				DEVELOPMENT_TEAM = 86SK3K6AM6;
				ENABLE_USER_SCRIPT_SANDBOXING = YES;
				GCC_C_LANGUAGE_STANDARD = gnu17;
				GENERATE_INFOPLIST_FILE = YES;
				INFOPLIST_FILE = Report/Info.plist;
				INFOPLIST_KEY_CFBundleDisplayName = Report;
				INFOPLIST_KEY_NSHumanReadableCopyright = "";
				IPHONEOS_DEPLOYMENT_TARGET = 16.0;
				LD_RUNPATH_SEARCH_PATHS = (
					"$(inherited)",
					"@executable_path/Frameworks",
					"@executable_path/../../Frameworks",
				);
				LOCALIZATION_PREFERS_STRING_CATALOGS = YES;
				MARKETING_VERSION = 1.0;
				"OTHER_SWIFT_FLAGS[arch=*]" = "-D APP_EXTENSION";
				PRODUCT_BUNDLE_IDENTIFIER = io.nora.Halo.Report;
				PRODUCT_NAME = "$(TARGET_NAME)";
				SDKROOT = iphoneos;
				SKIP_INSTALL = YES;
				SWIFT_ACTIVE_COMPILATION_CONDITIONS = "DEBUG $(inherited)";
				SWIFT_COMPILATION_MODE = singlefile;
				SWIFT_EMIT_LOC_STRINGS = YES;
				SWIFT_VERSION = 5.0;
				TARGETED_DEVICE_FAMILY = "1,2";
			};
			name = Debug;
		};
		880028D62AE06D0F0077265A /* Release */ = {
			isa = XCBuildConfiguration;
			buildSettings = {
				ASSETCATALOG_COMPILER_GENERATE_SWIFT_ASSET_SYMBOL_EXTENSIONS = YES;
				CODE_SIGN_ENTITLEMENTS = Report/Report.entitlements;
				CODE_SIGN_STYLE = Automatic;
				CURRENT_PROJECT_VERSION = 1;
				DEVELOPMENT_TEAM = 86SK3K6AM6;
				ENABLE_USER_SCRIPT_SANDBOXING = YES;
				GCC_C_LANGUAGE_STANDARD = gnu17;
				GENERATE_INFOPLIST_FILE = YES;
				INFOPLIST_FILE = Report/Info.plist;
				INFOPLIST_KEY_CFBundleDisplayName = Report;
				INFOPLIST_KEY_NSHumanReadableCopyright = "";
				IPHONEOS_DEPLOYMENT_TARGET = 16.0;
				LD_RUNPATH_SEARCH_PATHS = (
					"$(inherited)",
					"@executable_path/Frameworks",
					"@executable_path/../../Frameworks",
				);
				LOCALIZATION_PREFERS_STRING_CATALOGS = YES;
				MARKETING_VERSION = 1.0;
				"OTHER_SWIFT_FLAGS[arch=*]" = "-D APP_EXTENSION";
				PRODUCT_BUNDLE_IDENTIFIER = io.nora.Halo.Report;
				PRODUCT_NAME = "$(TARGET_NAME)";
				SDKROOT = iphoneos;
				SKIP_INSTALL = YES;
				SWIFT_EMIT_LOC_STRINGS = YES;
				SWIFT_VERSION = 5.0;
				TARGETED_DEVICE_FAMILY = "1,2";
				VALIDATE_PRODUCT = YES;
			};
			name = Release;
		};
		8856AE582A9AAB3D008D5403 /* Debug */ = {
			isa = XCBuildConfiguration;
			buildSettings = {
				ALWAYS_SEARCH_USER_PATHS = NO;
				CLANG_ANALYZER_NONNULL = YES;
				CLANG_ANALYZER_NUMBER_OBJECT_CONVERSION = YES_AGGRESSIVE;
				CLANG_CXX_LANGUAGE_STANDARD = "gnu++20";
				CLANG_ENABLE_MODULES = YES;
				CLANG_ENABLE_OBJC_ARC = YES;
				CLANG_ENABLE_OBJC_WEAK = YES;
				CLANG_WARN_BLOCK_CAPTURE_AUTORELEASING = YES;
				CLANG_WARN_BOOL_CONVERSION = YES;
				CLANG_WARN_COMMA = YES;
				CLANG_WARN_CONSTANT_CONVERSION = YES;
				CLANG_WARN_DEPRECATED_OBJC_IMPLEMENTATIONS = YES;
				CLANG_WARN_DIRECT_OBJC_ISA_USAGE = YES_ERROR;
				CLANG_WARN_DOCUMENTATION_COMMENTS = YES;
				CLANG_WARN_EMPTY_BODY = YES;
				CLANG_WARN_ENUM_CONVERSION = YES;
				CLANG_WARN_INFINITE_RECURSION = YES;
				CLANG_WARN_INT_CONVERSION = YES;
				CLANG_WARN_NON_LITERAL_NULL_CONVERSION = YES;
				CLANG_WARN_OBJC_IMPLICIT_RETAIN_SELF = YES;
				CLANG_WARN_OBJC_LITERAL_CONVERSION = YES;
				CLANG_WARN_OBJC_ROOT_CLASS = YES_ERROR;
				CLANG_WARN_QUOTED_INCLUDE_IN_FRAMEWORK_HEADER = YES;
				CLANG_WARN_RANGE_LOOP_ANALYSIS = YES;
				CLANG_WARN_STRICT_PROTOTYPES = YES;
				CLANG_WARN_SUSPICIOUS_MOVE = YES;
				CLANG_WARN_UNGUARDED_AVAILABILITY = YES_AGGRESSIVE;
				CLANG_WARN_UNREACHABLE_CODE = YES;
				CLANG_WARN__DUPLICATE_METHOD_MATCH = YES;
				COPY_PHASE_STRIP = NO;
				DEBUG_INFORMATION_FORMAT = dwarf;
				ENABLE_STRICT_OBJC_MSGSEND = YES;
				ENABLE_TESTABILITY = YES;
				GCC_C_LANGUAGE_STANDARD = gnu11;
				GCC_DYNAMIC_NO_PIC = NO;
				GCC_NO_COMMON_BLOCKS = YES;
				GCC_OPTIMIZATION_LEVEL = 0;
				GCC_PREPROCESSOR_DEFINITIONS = (
					"DEBUG=1",
					"$(inherited)",
				);
				GCC_WARN_64_TO_32_BIT_CONVERSION = YES;
				GCC_WARN_ABOUT_RETURN_TYPE = YES_ERROR;
				GCC_WARN_UNDECLARED_SELECTOR = YES;
				GCC_WARN_UNINITIALIZED_AUTOS = YES_AGGRESSIVE;
				GCC_WARN_UNUSED_FUNCTION = YES;
				GCC_WARN_UNUSED_VARIABLE = YES;
				IPHONEOS_DEPLOYMENT_TARGET = 16.0;
				MTL_ENABLE_DEBUG_INFO = INCLUDE_SOURCE;
				MTL_FAST_MATH = YES;
				ONLY_ACTIVE_ARCH = YES;
				SWIFT_ACTIVE_COMPILATION_CONDITIONS = DEBUG;
				SWIFT_OPTIMIZATION_LEVEL = "-Onone";
			};
			name = Debug;
		};
		8856AE592A9AAB3D008D5403 /* Release */ = {
			isa = XCBuildConfiguration;
			buildSettings = {
				ALWAYS_SEARCH_USER_PATHS = NO;
				CLANG_ANALYZER_NONNULL = YES;
				CLANG_ANALYZER_NUMBER_OBJECT_CONVERSION = YES_AGGRESSIVE;
				CLANG_CXX_LANGUAGE_STANDARD = "gnu++20";
				CLANG_ENABLE_MODULES = YES;
				CLANG_ENABLE_OBJC_ARC = YES;
				CLANG_ENABLE_OBJC_WEAK = YES;
				CLANG_WARN_BLOCK_CAPTURE_AUTORELEASING = YES;
				CLANG_WARN_BOOL_CONVERSION = YES;
				CLANG_WARN_COMMA = YES;
				CLANG_WARN_CONSTANT_CONVERSION = YES;
				CLANG_WARN_DEPRECATED_OBJC_IMPLEMENTATIONS = YES;
				CLANG_WARN_DIRECT_OBJC_ISA_USAGE = YES_ERROR;
				CLANG_WARN_DOCUMENTATION_COMMENTS = YES;
				CLANG_WARN_EMPTY_BODY = YES;
				CLANG_WARN_ENUM_CONVERSION = YES;
				CLANG_WARN_INFINITE_RECURSION = YES;
				CLANG_WARN_INT_CONVERSION = YES;
				CLANG_WARN_NON_LITERAL_NULL_CONVERSION = YES;
				CLANG_WARN_OBJC_IMPLICIT_RETAIN_SELF = YES;
				CLANG_WARN_OBJC_LITERAL_CONVERSION = YES;
				CLANG_WARN_OBJC_ROOT_CLASS = YES_ERROR;
				CLANG_WARN_QUOTED_INCLUDE_IN_FRAMEWORK_HEADER = YES;
				CLANG_WARN_RANGE_LOOP_ANALYSIS = YES;
				CLANG_WARN_STRICT_PROTOTYPES = YES;
				CLANG_WARN_SUSPICIOUS_MOVE = YES;
				CLANG_WARN_UNGUARDED_AVAILABILITY = YES_AGGRESSIVE;
				CLANG_WARN_UNREACHABLE_CODE = YES;
				CLANG_WARN__DUPLICATE_METHOD_MATCH = YES;
				COPY_PHASE_STRIP = NO;
				DEBUG_INFORMATION_FORMAT = "dwarf-with-dsym";
				ENABLE_NS_ASSERTIONS = NO;
				ENABLE_STRICT_OBJC_MSGSEND = YES;
				GCC_C_LANGUAGE_STANDARD = gnu11;
				GCC_NO_COMMON_BLOCKS = YES;
				GCC_WARN_64_TO_32_BIT_CONVERSION = YES;
				GCC_WARN_ABOUT_RETURN_TYPE = YES_ERROR;
				GCC_WARN_UNDECLARED_SELECTOR = YES;
				GCC_WARN_UNINITIALIZED_AUTOS = YES_AGGRESSIVE;
				GCC_WARN_UNUSED_FUNCTION = YES;
				GCC_WARN_UNUSED_VARIABLE = YES;
				IPHONEOS_DEPLOYMENT_TARGET = 16.0;
				MTL_ENABLE_DEBUG_INFO = NO;
				MTL_FAST_MATH = YES;
				SWIFT_COMPILATION_MODE = wholemodule;
				SWIFT_OPTIMIZATION_LEVEL = "-O";
			};
			name = Release;
		};
		8856AE5B2A9AAB3D008D5403 /* Debug */ = {
			isa = XCBuildConfiguration;
			buildSettings = {
				ALWAYS_EMBED_SWIFT_STANDARD_LIBRARIES = YES;
				ASSETCATALOG_COMPILER_APPICON_NAME = AppIcon;
				ASSETCATALOG_COMPILER_GLOBAL_ACCENT_COLOR_NAME = AccentColor;
				CODE_SIGN_ENTITLEMENTS = Halo/Halo.entitlements;
				CODE_SIGN_STYLE = Automatic;
				CURRENT_PROJECT_VERSION = 1;
				DEVELOPMENT_ASSET_PATHS = "\"Halo/Preview Content\"";
				DEVELOPMENT_TEAM = 86SK3K6AM6;
				ENABLE_HARDENED_RUNTIME = YES;
				ENABLE_PREVIEWS = YES;
				GENERATE_INFOPLIST_FILE = YES;
				INFOPLIST_FILE = Halo/Info.plist;
				INFOPLIST_KEY_CFBundleDisplayName = Halo;
				INFOPLIST_KEY_LSApplicationCategoryType = "public.app-category.productivity";
				"INFOPLIST_KEY_UIApplicationSceneManifest_Generation[sdk=iphoneos*]" = YES;
				"INFOPLIST_KEY_UIApplicationSceneManifest_Generation[sdk=iphonesimulator*]" = YES;
				"INFOPLIST_KEY_UIApplicationSupportsIndirectInputEvents[sdk=iphoneos*]" = YES;
				"INFOPLIST_KEY_UIApplicationSupportsIndirectInputEvents[sdk=iphonesimulator*]" = YES;
				"INFOPLIST_KEY_UILaunchScreen_Generation[sdk=iphoneos*]" = YES;
				"INFOPLIST_KEY_UILaunchScreen_Generation[sdk=iphonesimulator*]" = YES;
				"INFOPLIST_KEY_UIStatusBarStyle[sdk=iphoneos*]" = UIStatusBarStyleDefault;
				"INFOPLIST_KEY_UIStatusBarStyle[sdk=iphonesimulator*]" = UIStatusBarStyleDefault;
				INFOPLIST_KEY_UISupportedInterfaceOrientations = UIInterfaceOrientationPortrait;
				IPHONEOS_DEPLOYMENT_TARGET = 16.0;
				LD_RUNPATH_SEARCH_PATHS = "@executable_path/Frameworks";
				"LD_RUNPATH_SEARCH_PATHS[sdk=macosx*]" = "@executable_path/../Frameworks";
				MACOSX_DEPLOYMENT_TARGET = 13.0;
				MARKETING_VERSION = 1.0;
				"OTHER_SWIFT_FLAGS[arch=*]" = "-D APP_EXTENSION";
				PRODUCT_BUNDLE_IDENTIFIER = io.nora.Halo;
				PRODUCT_NAME = "$(TARGET_NAME)";
				SDKROOT = auto;
				SUPPORTED_PLATFORMS = "iphoneos iphonesimulator";
				SUPPORTS_MACCATALYST = NO;
				SUPPORTS_MAC_DESIGNED_FOR_IPHONE_IPAD = NO;
				SWIFT_EMIT_LOC_STRINGS = YES;
				SWIFT_VERSION = 5.0;
				TARGETED_DEVICE_FAMILY = 1;
			};
			name = Debug;
		};
		8856AE5C2A9AAB3D008D5403 /* Release */ = {
			isa = XCBuildConfiguration;
			buildSettings = {
				ALWAYS_EMBED_SWIFT_STANDARD_LIBRARIES = YES;
				ASSETCATALOG_COMPILER_APPICON_NAME = AppIcon;
				ASSETCATALOG_COMPILER_GLOBAL_ACCENT_COLOR_NAME = AccentColor;
				CODE_SIGN_ENTITLEMENTS = Halo/Halo.entitlements;
				CODE_SIGN_STYLE = Automatic;
				CURRENT_PROJECT_VERSION = 1;
				DEVELOPMENT_ASSET_PATHS = "\"Halo/Preview Content\"";
				DEVELOPMENT_TEAM = 86SK3K6AM6;
				ENABLE_HARDENED_RUNTIME = YES;
				ENABLE_PREVIEWS = YES;
				GENERATE_INFOPLIST_FILE = YES;
				INFOPLIST_FILE = Halo/Info.plist;
				INFOPLIST_KEY_CFBundleDisplayName = Halo;
				INFOPLIST_KEY_LSApplicationCategoryType = "public.app-category.productivity";
				"INFOPLIST_KEY_UIApplicationSceneManifest_Generation[sdk=iphoneos*]" = YES;
				"INFOPLIST_KEY_UIApplicationSceneManifest_Generation[sdk=iphonesimulator*]" = YES;
				"INFOPLIST_KEY_UIApplicationSupportsIndirectInputEvents[sdk=iphoneos*]" = YES;
				"INFOPLIST_KEY_UIApplicationSupportsIndirectInputEvents[sdk=iphonesimulator*]" = YES;
				"INFOPLIST_KEY_UILaunchScreen_Generation[sdk=iphoneos*]" = YES;
				"INFOPLIST_KEY_UILaunchScreen_Generation[sdk=iphonesimulator*]" = YES;
				"INFOPLIST_KEY_UIStatusBarStyle[sdk=iphoneos*]" = UIStatusBarStyleDefault;
				"INFOPLIST_KEY_UIStatusBarStyle[sdk=iphonesimulator*]" = UIStatusBarStyleDefault;
				INFOPLIST_KEY_UISupportedInterfaceOrientations = UIInterfaceOrientationPortrait;
				IPHONEOS_DEPLOYMENT_TARGET = 16.0;
				LD_RUNPATH_SEARCH_PATHS = "@executable_path/Frameworks";
				"LD_RUNPATH_SEARCH_PATHS[sdk=macosx*]" = "@executable_path/../Frameworks";
				MACOSX_DEPLOYMENT_TARGET = 13.0;
				MARKETING_VERSION = 1.0;
				"OTHER_SWIFT_FLAGS[arch=*]" = "-D APP_EXTENSION";
				PRODUCT_BUNDLE_IDENTIFIER = io.nora.Halo;
				PRODUCT_NAME = "$(TARGET_NAME)";
				SDKROOT = auto;
				SUPPORTED_PLATFORMS = "iphoneos iphonesimulator";
				SUPPORTS_MACCATALYST = NO;
				SUPPORTS_MAC_DESIGNED_FOR_IPHONE_IPAD = NO;
				SWIFT_EMIT_LOC_STRINGS = YES;
				SWIFT_VERSION = 5.0;
				TARGETED_DEVICE_FAMILY = 1;
			};
			name = Release;
		};
		887367C32AE1CF6A00408BD5 /* Debug */ = {
			isa = XCBuildConfiguration;
			buildSettings = {
				ASSETCATALOG_COMPILER_GENERATE_SWIFT_ASSET_SYMBOL_EXTENSIONS = YES;
				CODE_SIGN_ENTITLEMENTS = ShieldAction/ShieldAction.entitlements;
				CODE_SIGN_STYLE = Automatic;
				CURRENT_PROJECT_VERSION = 1;
				DEVELOPMENT_TEAM = 86SK3K6AM6;
				ENABLE_USER_SCRIPT_SANDBOXING = YES;
				GCC_C_LANGUAGE_STANDARD = gnu17;
				GENERATE_INFOPLIST_FILE = YES;
				INFOPLIST_FILE = ShieldAction/Info.plist;
				INFOPLIST_KEY_CFBundleDisplayName = ShieldAction;
				INFOPLIST_KEY_NSHumanReadableCopyright = "";
				IPHONEOS_DEPLOYMENT_TARGET = 17.0;
				LD_RUNPATH_SEARCH_PATHS = (
					"$(inherited)",
					"@executable_path/Frameworks",
					"@executable_path/../../Frameworks",
				);
				LOCALIZATION_PREFERS_STRING_CATALOGS = YES;
				MARKETING_VERSION = 1.0;
				PRODUCT_BUNDLE_IDENTIFIER = io.nora.Halo.ShieldAction;
				PRODUCT_NAME = "$(TARGET_NAME)";
				SDKROOT = iphoneos;
				SKIP_INSTALL = YES;
				SWIFT_ACTIVE_COMPILATION_CONDITIONS = "DEBUG $(inherited)";
				SWIFT_EMIT_LOC_STRINGS = YES;
				SWIFT_VERSION = 5.0;
				TARGETED_DEVICE_FAMILY = "1,2";
			};
			name = Debug;
		};
		887367C42AE1CF6A00408BD5 /* Release */ = {
			isa = XCBuildConfiguration;
			buildSettings = {
				ASSETCATALOG_COMPILER_GENERATE_SWIFT_ASSET_SYMBOL_EXTENSIONS = YES;
				CODE_SIGN_ENTITLEMENTS = ShieldAction/ShieldAction.entitlements;
				CODE_SIGN_STYLE = Automatic;
				CURRENT_PROJECT_VERSION = 1;
				DEVELOPMENT_TEAM = 86SK3K6AM6;
				ENABLE_USER_SCRIPT_SANDBOXING = YES;
				GCC_C_LANGUAGE_STANDARD = gnu17;
				GENERATE_INFOPLIST_FILE = YES;
				INFOPLIST_FILE = ShieldAction/Info.plist;
				INFOPLIST_KEY_CFBundleDisplayName = ShieldAction;
				INFOPLIST_KEY_NSHumanReadableCopyright = "";
				IPHONEOS_DEPLOYMENT_TARGET = 17.0;
				LD_RUNPATH_SEARCH_PATHS = (
					"$(inherited)",
					"@executable_path/Frameworks",
					"@executable_path/../../Frameworks",
				);
				LOCALIZATION_PREFERS_STRING_CATALOGS = YES;
				MARKETING_VERSION = 1.0;
				PRODUCT_BUNDLE_IDENTIFIER = io.nora.Halo.ShieldAction;
				PRODUCT_NAME = "$(TARGET_NAME)";
				SDKROOT = iphoneos;
				SKIP_INSTALL = YES;
				SWIFT_EMIT_LOC_STRINGS = YES;
				SWIFT_VERSION = 5.0;
				TARGETED_DEVICE_FAMILY = "1,2";
				VALIDATE_PRODUCT = YES;
			};
			name = Release;
		};
		887367D72AE1CF7700408BD5 /* Debug */ = {
			isa = XCBuildConfiguration;
			buildSettings = {
				ASSETCATALOG_COMPILER_GENERATE_SWIFT_ASSET_SYMBOL_EXTENSIONS = YES;
				CODE_SIGN_ENTITLEMENTS = ShieldConfiguration/ShieldConfiguration.entitlements;
				CODE_SIGN_STYLE = Automatic;
				CURRENT_PROJECT_VERSION = 1;
				DEVELOPMENT_TEAM = 86SK3K6AM6;
				ENABLE_USER_SCRIPT_SANDBOXING = YES;
				GCC_C_LANGUAGE_STANDARD = gnu17;
				GENERATE_INFOPLIST_FILE = YES;
				INFOPLIST_FILE = ShieldConfiguration/Info.plist;
				INFOPLIST_KEY_CFBundleDisplayName = ShieldConfiguration;
				INFOPLIST_KEY_NSHumanReadableCopyright = "";
				IPHONEOS_DEPLOYMENT_TARGET = 17.0;
				LD_RUNPATH_SEARCH_PATHS = (
					"$(inherited)",
					"@executable_path/Frameworks",
					"@executable_path/../../Frameworks",
				);
				LOCALIZATION_PREFERS_STRING_CATALOGS = YES;
				MARKETING_VERSION = 1.0;
				PRODUCT_BUNDLE_IDENTIFIER = io.nora.Halo.ShieldConfiguration;
				PRODUCT_NAME = "$(TARGET_NAME)";
				SDKROOT = iphoneos;
				SKIP_INSTALL = YES;
				SWIFT_ACTIVE_COMPILATION_CONDITIONS = "DEBUG $(inherited)";
				SWIFT_EMIT_LOC_STRINGS = YES;
				SWIFT_VERSION = 5.0;
				TARGETED_DEVICE_FAMILY = "1,2";
			};
			name = Debug;
		};
		887367D82AE1CF7700408BD5 /* Release */ = {
			isa = XCBuildConfiguration;
			buildSettings = {
				ASSETCATALOG_COMPILER_GENERATE_SWIFT_ASSET_SYMBOL_EXTENSIONS = YES;
				CODE_SIGN_ENTITLEMENTS = ShieldConfiguration/ShieldConfiguration.entitlements;
				CODE_SIGN_STYLE = Automatic;
				CURRENT_PROJECT_VERSION = 1;
				DEVELOPMENT_TEAM = 86SK3K6AM6;
				ENABLE_USER_SCRIPT_SANDBOXING = YES;
				GCC_C_LANGUAGE_STANDARD = gnu17;
				GENERATE_INFOPLIST_FILE = YES;
				INFOPLIST_FILE = ShieldConfiguration/Info.plist;
				INFOPLIST_KEY_CFBundleDisplayName = ShieldConfiguration;
				INFOPLIST_KEY_NSHumanReadableCopyright = "";
				IPHONEOS_DEPLOYMENT_TARGET = 17.0;
				LD_RUNPATH_SEARCH_PATHS = (
					"$(inherited)",
					"@executable_path/Frameworks",
					"@executable_path/../../Frameworks",
				);
				LOCALIZATION_PREFERS_STRING_CATALOGS = YES;
				MARKETING_VERSION = 1.0;
				PRODUCT_BUNDLE_IDENTIFIER = io.nora.Halo.ShieldConfiguration;
				PRODUCT_NAME = "$(TARGET_NAME)";
				SDKROOT = iphoneos;
				SKIP_INSTALL = YES;
				SWIFT_EMIT_LOC_STRINGS = YES;
				SWIFT_VERSION = 5.0;
				TARGETED_DEVICE_FAMILY = "1,2";
				VALIDATE_PRODUCT = YES;
			};
			name = Release;
		};
		889492D42AE9613900630CBF /* Debug */ = {
			isa = XCBuildConfiguration;
			buildSettings = {
				ASSETCATALOG_COMPILER_GENERATE_SWIFT_ASSET_SYMBOL_EXTENSIONS = YES;
				ASSETCATALOG_COMPILER_GLOBAL_ACCENT_COLOR_NAME = AccentColor;
				ASSETCATALOG_COMPILER_WIDGET_BACKGROUND_COLOR_NAME = WidgetBackground;
				CODE_SIGN_STYLE = Automatic;
				CURRENT_PROJECT_VERSION = 1;
				DEVELOPMENT_TEAM = 86SK3K6AM6;
				ENABLE_USER_SCRIPT_SANDBOXING = YES;
				GCC_C_LANGUAGE_STANDARD = gnu17;
				GENERATE_INFOPLIST_FILE = YES;
				INFOPLIST_FILE = HaloWidget/Info.plist;
				INFOPLIST_KEY_CFBundleDisplayName = HaloWidget;
				INFOPLIST_KEY_NSHumanReadableCopyright = "";
				IPHONEOS_DEPLOYMENT_TARGET = 17.0;
				LD_RUNPATH_SEARCH_PATHS = (
					"$(inherited)",
					"@executable_path/Frameworks",
					"@executable_path/../../Frameworks",
				);
				LOCALIZATION_PREFERS_STRING_CATALOGS = YES;
				MARKETING_VERSION = 1.0;
				PRODUCT_BUNDLE_IDENTIFIER = io.nora.Halo.HaloWidget;
				PRODUCT_NAME = "$(TARGET_NAME)";
				SDKROOT = iphoneos;
				SKIP_INSTALL = YES;
				SWIFT_ACTIVE_COMPILATION_CONDITIONS = "DEBUG $(inherited)";
				SWIFT_EMIT_LOC_STRINGS = YES;
				SWIFT_VERSION = 5.0;
				TARGETED_DEVICE_FAMILY = "1,2";
			};
			name = Debug;
		};
		889492D52AE9613900630CBF /* Release */ = {
			isa = XCBuildConfiguration;
			buildSettings = {
				ASSETCATALOG_COMPILER_GENERATE_SWIFT_ASSET_SYMBOL_EXTENSIONS = YES;
				ASSETCATALOG_COMPILER_GLOBAL_ACCENT_COLOR_NAME = AccentColor;
				ASSETCATALOG_COMPILER_WIDGET_BACKGROUND_COLOR_NAME = WidgetBackground;
				CODE_SIGN_STYLE = Automatic;
				CURRENT_PROJECT_VERSION = 1;
				DEVELOPMENT_TEAM = 86SK3K6AM6;
				ENABLE_USER_SCRIPT_SANDBOXING = YES;
				GCC_C_LANGUAGE_STANDARD = gnu17;
				GENERATE_INFOPLIST_FILE = YES;
				INFOPLIST_FILE = HaloWidget/Info.plist;
				INFOPLIST_KEY_CFBundleDisplayName = HaloWidget;
				INFOPLIST_KEY_NSHumanReadableCopyright = "";
				IPHONEOS_DEPLOYMENT_TARGET = 17.0;
				LD_RUNPATH_SEARCH_PATHS = (
					"$(inherited)",
					"@executable_path/Frameworks",
					"@executable_path/../../Frameworks",
				);
				LOCALIZATION_PREFERS_STRING_CATALOGS = YES;
				MARKETING_VERSION = 1.0;
				PRODUCT_BUNDLE_IDENTIFIER = io.nora.Halo.HaloWidget;
				PRODUCT_NAME = "$(TARGET_NAME)";
				SDKROOT = iphoneos;
				SKIP_INSTALL = YES;
				SWIFT_EMIT_LOC_STRINGS = YES;
				SWIFT_VERSION = 5.0;
				TARGETED_DEVICE_FAMILY = "1,2";
				VALIDATE_PRODUCT = YES;
			};
			name = Release;
		};
/* End XCBuildConfiguration section */

/* Begin XCConfigurationList section */
		880028C02AE06A5B0077265A /* Build configuration list for PBXNativeTarget "DeviceActivityMonitor" */ = {
			isa = XCConfigurationList;
			buildConfigurations = (
				880028BE2AE06A5B0077265A /* Debug */,
				880028BF2AE06A5B0077265A /* Release */,
			);
			defaultConfigurationIsVisible = 0;
			defaultConfigurationName = Release;
		};
		880028D42AE06D0F0077265A /* Build configuration list for PBXNativeTarget "Report" */ = {
			isa = XCConfigurationList;
			buildConfigurations = (
				880028D52AE06D0F0077265A /* Debug */,
				880028D62AE06D0F0077265A /* Release */,
			);
			defaultConfigurationIsVisible = 0;
			defaultConfigurationName = Release;
		};
		8856AE462A9AAB3A008D5403 /* Build configuration list for PBXProject "Halo" */ = {
			isa = XCConfigurationList;
			buildConfigurations = (
				8856AE582A9AAB3D008D5403 /* Debug */,
				8856AE592A9AAB3D008D5403 /* Release */,
			);
			defaultConfigurationIsVisible = 0;
			defaultConfigurationName = Release;
		};
		8856AE5A2A9AAB3D008D5403 /* Build configuration list for PBXNativeTarget "Halo" */ = {
			isa = XCConfigurationList;
			buildConfigurations = (
				8856AE5B2A9AAB3D008D5403 /* Debug */,
				8856AE5C2A9AAB3D008D5403 /* Release */,
			);
			defaultConfigurationIsVisible = 0;
			defaultConfigurationName = Release;
		};
		887367C52AE1CF6A00408BD5 /* Build configuration list for PBXNativeTarget "ShieldAction" */ = {
			isa = XCConfigurationList;
			buildConfigurations = (
				887367C32AE1CF6A00408BD5 /* Debug */,
				887367C42AE1CF6A00408BD5 /* Release */,
			);
			defaultConfigurationIsVisible = 0;
			defaultConfigurationName = Release;
		};
		887367D62AE1CF7700408BD5 /* Build configuration list for PBXNativeTarget "ShieldConfiguration" */ = {
			isa = XCConfigurationList;
			buildConfigurations = (
				887367D72AE1CF7700408BD5 /* Debug */,
				887367D82AE1CF7700408BD5 /* Release */,
			);
			defaultConfigurationIsVisible = 0;
			defaultConfigurationName = Release;
		};
		889492D32AE9613900630CBF /* Build configuration list for PBXNativeTarget "HaloWidgetExtension" */ = {
			isa = XCConfigurationList;
			buildConfigurations = (
				889492D42AE9613900630CBF /* Debug */,
				889492D52AE9613900630CBF /* Release */,
			);
			defaultConfigurationIsVisible = 0;
			defaultConfigurationName = Release;
		};
/* End XCConfigurationList section */

/* Begin XCRemoteSwiftPackageReference section */
		887418192ACCA59A0042665A /* XCRemoteSwiftPackageReference "lottie-ios" */ = {
			isa = XCRemoteSwiftPackageReference;
			repositoryURL = "https://github.com/airbnb/lottie-ios.git";
			requirement = {
				branch = master;
				kind = branch;
			};
		};
/* End XCRemoteSwiftPackageReference section */

/* Begin XCSwiftPackageProductDependency section */
		8874181A2ACCA59A0042665A /* Lottie */ = {
			isa = XCSwiftPackageProductDependency;
			package = 887418192ACCA59A0042665A /* XCRemoteSwiftPackageReference "lottie-ios" */;
			productName = Lottie;
		};
/* End XCSwiftPackageProductDependency section */
	};
	rootObject = 8856AE432A9AAB3A008D5403 /* Project object */;
}
